
Microsoft Visual Studio Solution File, Format Version 10.00
# Visual Studio 2008
Project("{2150E333-8FDC-42A3-9474-1A3956D46DE8}") = "数据访问层", "数据访问层", "{74C6D340-07CF-4380-AB1F-BA599FC338C3}"
EndProject
Project("{2150E333-8FDC-42A3-9474-1A3956D46DE8}") = "传输层", "传输层", "{BCEF894F-84B1-4156-BA84-717D3F9408CF}"
EndProject
Project("{2150E333-8FDC-42A3-9474-1A3956D46DE8}") = "业务对象", "业务对象", "{4305ECCC-FC6A-4C8A-9FC1-5CAC1A0D53E3}"
EndProject
Project("{2150E333-8FDC-42A3-9474-1A3956D46DE8}") = "控件库", "控件库", "{6BE534BC-C146-4F46-AC25-7BCB15A6CD7F}"
EndProject
Project("{2150E333-8FDC-42A3-9474-1A3956D46DE8}") = "UI层", "UI层", "{F7463129-1CDE-4BCD-B9A8-36967E8AAA95}"
EndProject
Project("{2150E333-8FDC-42A3-9474-1A3956D46DE8}") = "配置工具", "配置工具", "{55D0994B-2FDF-4FBA-AD74-A9195A8D06A9}"
EndProject
Project("{2150E333-8FDC-42A3-9474-1A3956D46DE8}") = "基础类", "基础类", "{583B9E05-BAC0-4CF2-94C5-8F40C3447F65}"
EndProject
Project("{FAE04EC0-301F-11D3-BF4B-00C04F79EFBC}") = "BizCommon", "Yqun.Client.BizCommon\BizCommon.csproj", "{171F3127-355E-42C3-86BD-9FFAB6DE1C18}"
EndProject
Project("{FAE04EC0-301F-11D3-BF4B-00C04F79EFBC}") = "Yqun.Common.Encoder", "Yqun.Common.Encoder\Yqun.Common.Encoder.csproj", "{D44375EB-8F0D-4F2E-953D-CB614DA46983}"
EndProject
Project("{FAE04EC0-301F-11D3-BF4B-00C04F79EFBC}") = "Yqun.Common.Log", "Yqun.Common.Log\Yqun.Common.Log.csproj", "{C58C14CF-5B82-424D-A531-5177EC28787A}"
EndProject
Project("{FAE04EC0-301F-11D3-BF4B-00C04F79EFBC}") = "Yqun.Common.Split", "Yqun.Common.Split\Yqun.Common.Split.csproj", "{17C4D4FD-704E-46FB-B6DF-FFDA1B3EF973}"
EndProject
Project("{FAE04EC0-301F-11D3-BF4B-00C04F79EFBC}") = "Yqun.BO.BOBase", "Yqun.BO.BOBase\Yqun.BO.BOBase.csproj", "{FF0F5297-2EC4-4DF8-8E2A-E92B52D60D8A}"
EndProject
Project("{FAE04EC0-301F-11D3-BF4B-00C04F79EFBC}") = "Yqun.BO.LoginBO", "Yqun.BO.LoginBO\Yqun.BO.LoginBO.csproj", "{BB233E00-1795-4173-89B1-889585390793}"
EndProject
Project("{FAE04EC0-301F-11D3-BF4B-00C04F79EFBC}") = "System.Data.SQLite", "System.Data.SQLite(Full)\System.Data.SQLite.csproj", "{54F3E1C6-E67B-445B-8BEC-D6E5527973CB}"
EndProject
Project("{FAE04EC0-301F-11D3-BF4B-00C04F79EFBC}") = "Yqun.Data.DataBase", "Yqun.Data.DataBase\Yqun.Data.DataBase.csproj", "{4DAFE227-3C2B-4FCE-AA8D-99EC7AC11564}"
EndProject
Project("{FAE04EC0-301F-11D3-BF4B-00C04F79EFBC}") = "Yqun.Interfaces", "Yqun.Interfaces\Yqun.Interfaces.csproj", "{34461777-FC34-4773-9661-6BADDA19D6D6}"
EndProject
Project("{FAE04EC0-301F-11D3-BF4B-00C04F79EFBC}") = "Yqun.Bases", "Yqun.Bases\Yqun.Bases.csproj", "{FFBF89FA-6CA0-4F22-8B73-18284843ADA0}"
EndProject
Project("{2150E333-8FDC-42A3-9474-1A3956D46DE8}") = "权限与组织结构", "权限与组织结构", "{B91F1A0A-7F9E-4141-9BAA-A21BB4112D8B}"
EndProject
Project("{FAE04EC0-301F-11D3-BF4B-00C04F79EFBC}") = "DockingWindow", "WinFormsUI\DockingWindow.csproj", "{C75532C4-765B-418E-B09B-46D36B2ABDB1}"
EndProject
Project("{FAE04EC0-301F-11D3-BF4B-00C04F79EFBC}") = "ToolbarManager", "ToolbarManager\ToolbarManager.csproj", "{80B3303B-EBDF-4510-96D3-BE60A81FA037}"
EndProject
Project("{FAE04EC0-301F-11D3-BF4B-00C04F79EFBC}") = "Yqun.MainForm", "Yqun.Client.StartAgent\Yqun.MainForm.csproj", "{A2AA5A80-819B-4589-8A66-B67FCD71D221}"
EndProject
Project("{FAE04EC0-301F-11D3-BF4B-00C04F79EFBC}") = "Yqun.Services.Agent", "Yqun.Services.Agent\Yqun.Services.Agent.csproj", "{21A50126-F808-4145-A76D-DAFAF84E349D}"
EndProject
Project("{FAE04EC0-301F-11D3-BF4B-00C04F79EFBC}") = "Yqun.Common.ContextCache", "Yqun.Common.ContextCache\Yqun.Common.ContextCache.csproj", "{9EAD439D-A4D7-4BE4-93CE-B07064F00BC1}"
EndProject
Project("{FAE04EC0-301F-11D3-BF4B-00C04F79EFBC}") = "CollapsibleSplitter", "CollapsibleSplitter\CollapsibleSplitter.csproj", "{0AA7B7B3-94CB-437E-960D-ADE633F67EC5}"
EndProject
Project("{FAE04EC0-301F-11D3-BF4B-00C04F79EFBC}") = "Yqun.Client.BizUI", "Yqun.Client.BizUINew\Yqun.Client.BizUI.csproj", "{37407EB2-9E58-4AC0-B619-B245D07629FF}"
EndProject
Project("{FAE04EC0-301F-11D3-BF4B-00C04F79EFBC}") = "Yqun.Controls.SmartTab", "Yqun.Controls.SmartTab\Yqun.Controls.SmartTab.csproj", "{313BF495-0596-4B71-AF7E-BF974243A657}"
EndProject
Project("{FAE04EC0-301F-11D3-BF4B-00C04F79EFBC}") = "ScrollingTextControl", "ScrollingTextControl\ScrollingTextControl.csproj", "{8029AAEC-8B7C-4098-9C5F-EF2795F21BC5}"
EndProject
Project("{FAE04EC0-301F-11D3-BF4B-00C04F79EFBC}") = "DropDownPanel", "DropDownPanel\DropDownPanel.csproj", "{34ADDF19-CBBA-4A11-BC99-D141BA2D29EC}"
EndProject
Project("{FAE04EC0-301F-11D3-BF4B-00C04F79EFBC}") = "ComboTree", "ComboTree\ComboTree.csproj", "{5851C8B0-54F3-40ED-ADA1-F387877F9DE5}"
EndProject
Project("{FAE04EC0-301F-11D3-BF4B-00C04F79EFBC}") = "SerialGenerator", "License\SerialGenerator.csproj", "{870BE3C5-FAB5-4D80-A268-EECE8F1F266F}"
EndProject
Project("{FAE04EC0-301F-11D3-BF4B-00C04F79EFBC}") = "SplashScreen", "SplashScreen\SplashScreen.csproj", "{60810048-99ED-4689-9177-FA6F024E581A}"
EndProject
Project("{2150E333-8FDC-42A3-9474-1A3956D46DE8}") = "业务模型", "业务模型", "{C155302A-21C5-407C-BD4D-FD6696539721}"
EndProject
Project("{FAE04EC0-301F-11D3-BF4B-00C04F79EFBC}") = "BizModules", "BizModules\BizModules.csproj", "{DB88EE31-FD68-4A3C-863B-C2C895FACC32}"
EndProject
Project("{FAE04EC0-301F-11D3-BF4B-00C04F79EFBC}") = "BizComponents", "BizComponents\BizComponents.csproj", "{79A4C07A-AD54-41FA-82CC-D86C83EBFE8A}"
EndProject
Project("{FAE04EC0-301F-11D3-BF4B-00C04F79EFBC}") = "Yqun.BO.TableManager", "Yqun.BO.TableManager\Yqun.BO.TableManager.csproj", "{1B7AC56B-E91C-49C3-A13D-0B579BFE364A}"
EndProject
Project("{FAE04EC0-301F-11D3-BF4B-00C04F79EFBC}") = "Picker", "Picker\Picker.csproj", "{E1275A2B-6AF8-457B-A843-FA3E6F8AC315}"
EndProject
Project("{FAE04EC0-301F-11D3-BF4B-00C04F79EFBC}") = "WcfExtensions", "WcfExtensions\WcfExtensions.csproj", "{F6E60A01-4AAE-45D2-9F0E-2F9F97F67F5E}"
EndProject
Project("{FAE04EC0-301F-11D3-BF4B-00C04F79EFBC}") = "Yqun.BO.BusinessManager", "Yqun.BO.BusinessManager\Yqun.BO.BusinessManager.csproj", "{E4C0BE45-2ADF-4CFD-8650-420B74B265D7}"
EndProject
Project("{2150E333-8FDC-42A3-9474-1A3956D46DE8}") = "自动更新", "自动更新", "{86EFB1DA-4F9E-44C8-8D6E-26474614099B}"
EndProject
Project("{FAE04EC0-301F-11D3-BF4B-00C04F79EFBC}") = "ComboListView", "ComboListView\ComboListView.csproj", "{BC4817E4-9EF1-4F61-80E2-AF320964F14E}"
EndProject
Project("{FAE04EC0-301F-11D3-BF4B-00C04F79EFBC}") = "WebTransferService", "WebTransferService\WebTransferService.csproj", "{083A8D44-BD23-42E2-B28A-99DA7F39212D}"
EndProject
Project("{FAE04EC0-301F-11D3-BF4B-00C04F79EFBC}") = "TransferServiceCommon", "TransferServiceCommon\TransferServiceCommon.csproj", "{53E028B8-E180-40D1-B774-ABC4F41ADD26}"
EndProject
Project("{FAE04EC0-301F-11D3-BF4B-00C04F79EFBC}") = "BizFunctionInfos", "BizFunctionInfos\BizFunctionInfos.csproj", "{AE6E6BBD-C15E-4C4F-9F92-2141F4683B11}"
EndProject
Project("{FAE04EC0-301F-11D3-BF4B-00C04F79EFBC}") = "ReportCommon", "ReportCommon\ReportCommon.csproj", "{697E7A17-995D-47B2-B5CE-9D611369F92F}"
EndProject
Project("{FAE04EC0-301F-11D3-BF4B-00C04F79EFBC}") = "ReportComponents", "ReportComponents\ReportComponents.csproj", "{0A9F3022-0767-4FCE-A7A6-35DD88FF6E98}"
EndProject
Project("{FAE04EC0-301F-11D3-BF4B-00C04F79EFBC}") = "Yqun.BO.ReportManager", "Yqun.BO.ReportManager\Yqun.BO.ReportManager.csproj", "{E95AC1AE-9DCA-4B5F-AAE6-F0BCFCEA3BB8}"
EndProject
Project("{FAE04EC0-301F-11D3-BF4B-00C04F79EFBC}") = "Yqun.BO.ReportE", "Yqun.BO.ReportE\Yqun.BO.ReportE.csproj", "{58C9C832-3929-47E6-96DF-4ABF96FC0FDA}"
EndProject
Project("{FAE04EC0-301F-11D3-BF4B-00C04F79EFBC}") = "Yqun.BO.PermissionManager", "Yqun.BO.PermissionManager\Yqun.BO.PermissionManager.csproj", "{D4436D6B-7BCB-4999-9222-35946FFF30A8}"
EndProject
Project("{FAE04EC0-301F-11D3-BF4B-00C04F79EFBC}") = "Yqun.Permissions", "Yqun.Permissions\Yqun.Permissions.csproj", "{631F8494-84A7-40AF-95F2-91227D9FC2F3}"
EndProject
Project("{FAE04EC0-301F-11D3-BF4B-00C04F79EFBC}") = "Yqun.Permissions.Common", "Yqun.Permissions.Common\Yqun.Permissions.Common.csproj", "{36154957-1D29-41EC-95C7-D547C100414F}"
EndProject
Project("{FAE04EC0-301F-11D3-BF4B-00C04F79EFBC}") = "Yqun.Permissions.Runtime", "Yqun.Permissions.Runtime\Yqun.Permissions.Runtime.csproj", "{85E39819-1BF5-4C16-9EF5-2BEA1C34FF8A}"
EndProject
Project("{FAE04EC0-301F-11D3-BF4B-00C04F79EFBC}") = "Yqun.BO.ReminderManager", "Yqun.BO.ReminderManager\Yqun.BO.ReminderManager.csproj", "{D3FBC6E5-02D2-4540-844A-2C103C1F1E59}"
EndProject
Project("{FAE04EC0-301F-11D3-BF4B-00C04F79EFBC}") = "Yqun.BO.RealtimeDataManager", "Yqun.BO.RealtimeDataManager\Yqun.BO.RealtimeDataManager.csproj", "{6168CAEE-A266-44AF-A719-3A6CE61D11F4}"
EndProject
Project("{FAE04EC0-301F-11D3-BF4B-00C04F79EFBC}") = "Yqun.BO.ApplicationUpdater", "Yqun.BO.ApplicationUpdater\Yqun.BO.ApplicationUpdater.csproj", "{D5FB32CC-4095-4B7F-B98D-352A15ED806A}"
EndProject
Project("{FAE04EC0-301F-11D3-BF4B-00C04F79EFBC}") = "Yqun.BO.QualificationAuthManager", "Yqun.BO.QualificationAuthManager\Yqun.BO.QualificationAuthManager.csproj", "{CD16C9DE-CB4D-4F8E-B788-B18F4A0F0737}"
EndProject
Project("{2150E333-8FDC-42A3-9474-1A3956D46DE8}") = "Test", "Test", "{FB1E4903-74F5-4F06-8D73-2829F801DE85}"
EndProject
Project("{FAE04EC0-301F-11D3-BF4B-00C04F79EFBC}") = "UnitTests", "UnitTests\UnitTests.csproj", "{F3FECA0B-3AAB-4447-A57B-F60CAD26ECED}"
EndProject
Project("{FAE04EC0-301F-11D3-BF4B-00C04F79EFBC}") = "ShrinkDatabaseApp", "ShrinkDatabaseApp\ShrinkDatabaseApp.csproj", "{CEE5AE56-9311-43C9-8716-84A1DE74006D}"
EndProject
Project("{FAE04EC0-301F-11D3-BF4B-00C04F79EFBC}") = "JZUpgrade", "JZUpdate\JZUpgrade.csproj", "{1A489E2E-324F-4443-8F0B-FDBCC089B815}"
EndProject
Project("{2150E333-8FDC-42A3-9474-1A3956D46DE8}") = "试验室数据上传", "试验室数据上传", "{054F457C-E64A-423A-ACFE-80D67A9DF345}"
EndProject
Project("{2150E333-8FDC-42A3-9474-1A3956D46DE8}") = "数显采集系统", "数显采集系统", "{EF5F87C5-F552-400E-B411-9362E8080196}"
EndProject
Project("{FAE04EC0-301F-11D3-BF4B-00C04F79EFBC}") = "ShuXianCaiJi", "ShuXianCaiJi\ShuXianCaiJi.csproj", "{25ED2F36-0C5A-41AA-A49E-DB51CA02B8CB}"
EndProject
Project("{FAE04EC0-301F-11D3-BF4B-00C04F79EFBC}") = "ShuXianCaiJiComponents", "ShuXianCaiJiComponents\ShuXianCaiJiComponents.csproj", "{FF84EB8E-96AA-4FA1-AFC9-739C6F820C4A}"
EndProject
Project("{FAE04EC0-301F-11D3-BF4B-00C04F79EFBC}") = "Yqun.Data.AccessHelper", "Yqun.Data.AccessHelper\Yqun.Data.AccessHelper.csproj", "{A16721AF-6CF0-4B63-AB67-3B1FAE899588}"
EndProject
Project("{FAE04EC0-301F-11D3-BF4B-00C04F79EFBC}") = "JZUpgradeAgent", "RunApp\JZUpgradeAgent.csproj", "{23D3ED08-4463-406E-B530-FF67BDBFAA93}"
EndProject
Project("{2150E333-8FDC-42A3-9474-1A3956D46DE8}") = "电液伺服采集系统", "电液伺服采集系统", "{80B407AA-F82F-4A71-B8B1-05CA732A69FB}"
EndProject
Project("{FAE04EC0-301F-11D3-BF4B-00C04F79EFBC}") = "Gettestnum", "Gettestnum\Gettestnum.csproj", "{6BD8F513-93FE-4998-B0EA-8A3976F469F8}"
EndProject
Project("{FAE04EC0-301F-11D3-BF4B-00C04F79EFBC}") = "Loginsys", "Loginsys\Loginsys.csproj", "{B818D981-34EE-4BCD-B4ED-923B009459D2}"
EndProject
Project("{FAE04EC0-301F-11D3-BF4B-00C04F79EFBC}") = "Writedata", "Writedata\Writedata.csproj", "{9330DFD3-7ABF-407A-B8DC-91A324EA6636}"
EndProject
Project("{FAE04EC0-301F-11D3-BF4B-00C04F79EFBC}") = "WriteBakData", "WriteBakData\WriteBakData.csproj", "{5554EA13-A42F-403E-822E-1C88B002D690}"
EndProject
Project("{FAE04EC0-301F-11D3-BF4B-00C04F79EFBC}") = "TestDataUploadWS", "TestDataUploadWS\TestDataUploadWS.csproj", "{D8B79B8E-E637-4DBE-BA18-CF14B061FD4A}"
EndProject
Project("{FAE04EC0-301F-11D3-BF4B-00C04F79EFBC}") = "ShuXianCaiJiModule", "ShuXianCaiJiModule\ShuXianCaiJiModule.csproj", "{633B1F7F-D84E-47EF-B41D-0FBAABCC5975}"
EndProject
Project("{FAE04EC0-301F-11D3-BF4B-00C04F79EFBC}") = "Kingrocket.CJ.Components", "Kingrocket.CJ.Components\Kingrocket.CJ.Components.csproj", "{CC858473-3593-49E5-8D78-D867FE8C90B0}"
EndProject
Project("{2150E333-8FDC-42A3-9474-1A3956D46DE8}") = "通知服务", "通知服务", "{8D1FE217-3B33-4F23-8F4B-2C63D1B3EE81}"
EndProject
Project("{FAE04EC0-301F-11D3-BF4B-00C04F79EFBC}") = "Kingrocket.NotifyContract", "Kingrocket.NotifyContract\Kingrocket.NotifyContract.csproj", "{F6D1EE0C-1E33-4CC9-91F2-1A885E03FD1D}"
EndProject
Project("{FAE04EC0-301F-11D3-BF4B-00C04F79EFBC}") = "Kingrocket.NotifyService", "Kingrocket.NotifyService\Kingrocket.NotifyService.csproj", "{FAB1F455-2F46-4142-9834-A4B2640E6A45}"
EndProject
Project("{FAE04EC0-301F-11D3-BF4B-00C04F79EFBC}") = "ConfigurationManager", "ConfigurationManager\ConfigurationManager.csproj", "{4234581A-424D-49F5-8A86-9738184E0AF6}"
EndProject
Project("{FAE04EC0-301F-11D3-BF4B-00C04F79EFBC}") = "Kingrocket.NotifyClient", "Kingrocket.NotifyClient\Kingrocket.NotifyClient.csproj", "{8C12FCD8-6EBE-40C6-8EA9-FD41370AC621}"
EndProject
Global
	GlobalSection(SolutionConfigurationPlatforms) = preSolution
		Debug|Any CPU = Debug|Any CPU
		Debug|Mixed Platforms = Debug|Mixed Platforms
		Debug|x86 = Debug|x86
		Release|Any CPU = Release|Any CPU
		Release|Mixed Platforms = Release|Mixed Platforms
		Release|x86 = Release|x86
	EndGlobalSection
	GlobalSection(ProjectConfigurationPlatforms) = postSolution
		{171F3127-355E-42C3-86BD-9FFAB6DE1C18}.Debug|Any CPU.ActiveCfg = Debug|Any CPU
		{171F3127-355E-42C3-86BD-9FFAB6DE1C18}.Debug|Any CPU.Build.0 = Debug|Any CPU
		{171F3127-355E-42C3-86BD-9FFAB6DE1C18}.Debug|Mixed Platforms.ActiveCfg = Debug|x86
		{171F3127-355E-42C3-86BD-9FFAB6DE1C18}.Debug|Mixed Platforms.Build.0 = Debug|x86
		{171F3127-355E-42C3-86BD-9FFAB6DE1C18}.Debug|x86.ActiveCfg = Debug|x86
		{171F3127-355E-42C3-86BD-9FFAB6DE1C18}.Debug|x86.Build.0 = Debug|x86
		{171F3127-355E-42C3-86BD-9FFAB6DE1C18}.Release|Any CPU.ActiveCfg = Release|Any CPU
		{171F3127-355E-42C3-86BD-9FFAB6DE1C18}.Release|Any CPU.Build.0 = Release|Any CPU
		{171F3127-355E-42C3-86BD-9FFAB6DE1C18}.Release|Mixed Platforms.ActiveCfg = Release|x86
		{171F3127-355E-42C3-86BD-9FFAB6DE1C18}.Release|Mixed Platforms.Build.0 = Release|x86
		{171F3127-355E-42C3-86BD-9FFAB6DE1C18}.Release|x86.ActiveCfg = Release|Any CPU
		{D44375EB-8F0D-4F2E-953D-CB614DA46983}.Debug|Any CPU.ActiveCfg = Debug|Any CPU
		{D44375EB-8F0D-4F2E-953D-CB614DA46983}.Debug|Any CPU.Build.0 = Debug|Any CPU
		{D44375EB-8F0D-4F2E-953D-CB614DA46983}.Debug|Mixed Platforms.ActiveCfg = Debug|x86
		{D44375EB-8F0D-4F2E-953D-CB614DA46983}.Debug|Mixed Platforms.Build.0 = Debug|x86
		{D44375EB-8F0D-4F2E-953D-CB614DA46983}.Debug|x86.ActiveCfg = Debug|x86
		{D44375EB-8F0D-4F2E-953D-CB614DA46983}.Debug|x86.Build.0 = Debug|x86
		{D44375EB-8F0D-4F2E-953D-CB614DA46983}.Release|Any CPU.ActiveCfg = Release|Any CPU
		{D44375EB-8F0D-4F2E-953D-CB614DA46983}.Release|Any CPU.Build.0 = Release|Any CPU
		{D44375EB-8F0D-4F2E-953D-CB614DA46983}.Release|Mixed Platforms.ActiveCfg = Release|x86
		{D44375EB-8F0D-4F2E-953D-CB614DA46983}.Release|Mixed Platforms.Build.0 = Release|x86
		{D44375EB-8F0D-4F2E-953D-CB614DA46983}.Release|x86.ActiveCfg = Release|Any CPU
		{C58C14CF-5B82-424D-A531-5177EC28787A}.Debug|Any CPU.ActiveCfg = Debug|Any CPU
		{C58C14CF-5B82-424D-A531-5177EC28787A}.Debug|Any CPU.Build.0 = Debug|Any CPU
		{C58C14CF-5B82-424D-A531-5177EC28787A}.Debug|Mixed Platforms.ActiveCfg = Debug|x86
		{C58C14CF-5B82-424D-A531-5177EC28787A}.Debug|Mixed Platforms.Build.0 = Debug|x86
		{C58C14CF-5B82-424D-A531-5177EC28787A}.Debug|x86.ActiveCfg = Debug|x86
		{C58C14CF-5B82-424D-A531-5177EC28787A}.Debug|x86.Build.0 = Debug|x86
		{C58C14CF-5B82-424D-A531-5177EC28787A}.Release|Any CPU.ActiveCfg = Release|Any CPU
		{C58C14CF-5B82-424D-A531-5177EC28787A}.Release|Any CPU.Build.0 = Release|Any CPU
		{C58C14CF-5B82-424D-A531-5177EC28787A}.Release|Mixed Platforms.ActiveCfg = Release|x86
		{C58C14CF-5B82-424D-A531-5177EC28787A}.Release|Mixed Platforms.Build.0 = Release|x86
		{C58C14CF-5B82-424D-A531-5177EC28787A}.Release|x86.ActiveCfg = Release|Any CPU
		{17C4D4FD-704E-46FB-B6DF-FFDA1B3EF973}.Debug|Any CPU.ActiveCfg = Debug|Any CPU
		{17C4D4FD-704E-46FB-B6DF-FFDA1B3EF973}.Debug|Any CPU.Build.0 = Debug|Any CPU
		{17C4D4FD-704E-46FB-B6DF-FFDA1B3EF973}.Debug|Mixed Platforms.ActiveCfg = Debug|x86
		{17C4D4FD-704E-46FB-B6DF-FFDA1B3EF973}.Debug|Mixed Platforms.Build.0 = Debug|x86
		{17C4D4FD-704E-46FB-B6DF-FFDA1B3EF973}.Debug|x86.ActiveCfg = Debug|x86
		{17C4D4FD-704E-46FB-B6DF-FFDA1B3EF973}.Debug|x86.Build.0 = Debug|x86
		{17C4D4FD-704E-46FB-B6DF-FFDA1B3EF973}.Release|Any CPU.ActiveCfg = Release|Any CPU
		{17C4D4FD-704E-46FB-B6DF-FFDA1B3EF973}.Release|Any CPU.Build.0 = Release|Any CPU
		{17C4D4FD-704E-46FB-B6DF-FFDA1B3EF973}.Release|Mixed Platforms.ActiveCfg = Release|x86
		{17C4D4FD-704E-46FB-B6DF-FFDA1B3EF973}.Release|Mixed Platforms.Build.0 = Release|x86
		{17C4D4FD-704E-46FB-B6DF-FFDA1B3EF973}.Release|x86.ActiveCfg = Release|Any CPU
		{FF0F5297-2EC4-4DF8-8E2A-E92B52D60D8A}.Debug|Any CPU.ActiveCfg = Debug|Any CPU
		{FF0F5297-2EC4-4DF8-8E2A-E92B52D60D8A}.Debug|Any CPU.Build.0 = Debug|Any CPU
		{FF0F5297-2EC4-4DF8-8E2A-E92B52D60D8A}.Debug|Mixed Platforms.ActiveCfg = Debug|x86
		{FF0F5297-2EC4-4DF8-8E2A-E92B52D60D8A}.Debug|Mixed Platforms.Build.0 = Debug|x86
		{FF0F5297-2EC4-4DF8-8E2A-E92B52D60D8A}.Debug|x86.ActiveCfg = Debug|x86
		{FF0F5297-2EC4-4DF8-8E2A-E92B52D60D8A}.Debug|x86.Build.0 = Debug|x86
		{FF0F5297-2EC4-4DF8-8E2A-E92B52D60D8A}.Release|Any CPU.ActiveCfg = Release|Any CPU
		{FF0F5297-2EC4-4DF8-8E2A-E92B52D60D8A}.Release|Any CPU.Build.0 = Release|Any CPU
		{FF0F5297-2EC4-4DF8-8E2A-E92B52D60D8A}.Release|Mixed Platforms.ActiveCfg = Release|x86
		{FF0F5297-2EC4-4DF8-8E2A-E92B52D60D8A}.Release|Mixed Platforms.Build.0 = Release|x86
		{FF0F5297-2EC4-4DF8-8E2A-E92B52D60D8A}.Release|x86.ActiveCfg = Release|Any CPU
		{BB233E00-1795-4173-89B1-889585390793}.Debug|Any CPU.ActiveCfg = Debug|Any CPU
		{BB233E00-1795-4173-89B1-889585390793}.Debug|Any CPU.Build.0 = Debug|Any CPU
		{BB233E00-1795-4173-89B1-889585390793}.Debug|Mixed Platforms.ActiveCfg = Debug|x86
		{BB233E00-1795-4173-89B1-889585390793}.Debug|Mixed Platforms.Build.0 = Debug|x86
		{BB233E00-1795-4173-89B1-889585390793}.Debug|x86.ActiveCfg = Debug|x86
		{BB233E00-1795-4173-89B1-889585390793}.Debug|x86.Build.0 = Debug|x86
		{BB233E00-1795-4173-89B1-889585390793}.Release|Any CPU.ActiveCfg = Release|Any CPU
		{BB233E00-1795-4173-89B1-889585390793}.Release|Any CPU.Build.0 = Release|Any CPU
		{BB233E00-1795-4173-89B1-889585390793}.Release|Mixed Platforms.ActiveCfg = Release|x86
		{BB233E00-1795-4173-89B1-889585390793}.Release|Mixed Platforms.Build.0 = Release|x86
		{BB233E00-1795-4173-89B1-889585390793}.Release|x86.ActiveCfg = Release|Any CPU
		{54F3E1C6-E67B-445B-8BEC-D6E5527973CB}.Debug|Any CPU.ActiveCfg = Debug|Any CPU
		{54F3E1C6-E67B-445B-8BEC-D6E5527973CB}.Debug|Any CPU.Build.0 = Debug|Any CPU
		{54F3E1C6-E67B-445B-8BEC-D6E5527973CB}.Debug|Mixed Platforms.ActiveCfg = Debug|x86
		{54F3E1C6-E67B-445B-8BEC-D6E5527973CB}.Debug|Mixed Platforms.Build.0 = Debug|x86
		{54F3E1C6-E67B-445B-8BEC-D6E5527973CB}.Debug|x86.ActiveCfg = Debug|x86
		{54F3E1C6-E67B-445B-8BEC-D6E5527973CB}.Debug|x86.Build.0 = Debug|x86
		{54F3E1C6-E67B-445B-8BEC-D6E5527973CB}.Release|Any CPU.ActiveCfg = Release|Any CPU
		{54F3E1C6-E67B-445B-8BEC-D6E5527973CB}.Release|Any CPU.Build.0 = Release|Any CPU
		{54F3E1C6-E67B-445B-8BEC-D6E5527973CB}.Release|Mixed Platforms.ActiveCfg = Release|x86
		{54F3E1C6-E67B-445B-8BEC-D6E5527973CB}.Release|Mixed Platforms.Build.0 = Release|x86
		{54F3E1C6-E67B-445B-8BEC-D6E5527973CB}.Release|x86.ActiveCfg = Release|Any CPU
		{4DAFE227-3C2B-4FCE-AA8D-99EC7AC11564}.Debug|Any CPU.ActiveCfg = Debug|Any CPU
		{4DAFE227-3C2B-4FCE-AA8D-99EC7AC11564}.Debug|Any CPU.Build.0 = Debug|Any CPU
		{4DAFE227-3C2B-4FCE-AA8D-99EC7AC11564}.Debug|Mixed Platforms.ActiveCfg = Debug|x86
		{4DAFE227-3C2B-4FCE-AA8D-99EC7AC11564}.Debug|Mixed Platforms.Build.0 = Debug|x86
		{4DAFE227-3C2B-4FCE-AA8D-99EC7AC11564}.Debug|x86.ActiveCfg = Debug|x86
		{4DAFE227-3C2B-4FCE-AA8D-99EC7AC11564}.Debug|x86.Build.0 = Debug|x86
		{4DAFE227-3C2B-4FCE-AA8D-99EC7AC11564}.Release|Any CPU.ActiveCfg = Release|Any CPU
		{4DAFE227-3C2B-4FCE-AA8D-99EC7AC11564}.Release|Any CPU.Build.0 = Release|Any CPU
		{4DAFE227-3C2B-4FCE-AA8D-99EC7AC11564}.Release|Mixed Platforms.ActiveCfg = Release|x86
		{4DAFE227-3C2B-4FCE-AA8D-99EC7AC11564}.Release|Mixed Platforms.Build.0 = Release|x86
		{4DAFE227-3C2B-4FCE-AA8D-99EC7AC11564}.Release|x86.ActiveCfg = Release|Any CPU
		{34461777-FC34-4773-9661-6BADDA19D6D6}.Debug|Any CPU.ActiveCfg = Debug|Any CPU
		{34461777-FC34-4773-9661-6BADDA19D6D6}.Debug|Any CPU.Build.0 = Debug|Any CPU
		{34461777-FC34-4773-9661-6BADDA19D6D6}.Debug|Mixed Platforms.ActiveCfg = Debug|x86
		{34461777-FC34-4773-9661-6BADDA19D6D6}.Debug|Mixed Platforms.Build.0 = Debug|x86
		{34461777-FC34-4773-9661-6BADDA19D6D6}.Debug|x86.ActiveCfg = Debug|x86
		{34461777-FC34-4773-9661-6BADDA19D6D6}.Debug|x86.Build.0 = Debug|x86
		{34461777-FC34-4773-9661-6BADDA19D6D6}.Release|Any CPU.ActiveCfg = Release|Any CPU
		{34461777-FC34-4773-9661-6BADDA19D6D6}.Release|Any CPU.Build.0 = Release|Any CPU
		{34461777-FC34-4773-9661-6BADDA19D6D6}.Release|Mixed Platforms.ActiveCfg = Release|x86
		{34461777-FC34-4773-9661-6BADDA19D6D6}.Release|Mixed Platforms.Build.0 = Release|x86
		{34461777-FC34-4773-9661-6BADDA19D6D6}.Release|x86.ActiveCfg = Release|Any CPU
		{FFBF89FA-6CA0-4F22-8B73-18284843ADA0}.Debug|Any CPU.ActiveCfg = Debug|Any CPU
		{FFBF89FA-6CA0-4F22-8B73-18284843ADA0}.Debug|Any CPU.Build.0 = Debug|Any CPU
		{FFBF89FA-6CA0-4F22-8B73-18284843ADA0}.Debug|Mixed Platforms.ActiveCfg = Debug|x86
		{FFBF89FA-6CA0-4F22-8B73-18284843ADA0}.Debug|Mixed Platforms.Build.0 = Debug|x86
		{FFBF89FA-6CA0-4F22-8B73-18284843ADA0}.Debug|x86.ActiveCfg = Debug|x86
		{FFBF89FA-6CA0-4F22-8B73-18284843ADA0}.Debug|x86.Build.0 = Debug|x86
		{FFBF89FA-6CA0-4F22-8B73-18284843ADA0}.Release|Any CPU.ActiveCfg = Release|Any CPU
		{FFBF89FA-6CA0-4F22-8B73-18284843ADA0}.Release|Any CPU.Build.0 = Release|Any CPU
		{FFBF89FA-6CA0-4F22-8B73-18284843ADA0}.Release|Mixed Platforms.ActiveCfg = Release|x86
		{FFBF89FA-6CA0-4F22-8B73-18284843ADA0}.Release|Mixed Platforms.Build.0 = Release|x86
		{FFBF89FA-6CA0-4F22-8B73-18284843ADA0}.Release|x86.ActiveCfg = Release|Any CPU
		{C75532C4-765B-418E-B09B-46D36B2ABDB1}.Debug|Any CPU.ActiveCfg = Debug|Any CPU
		{C75532C4-765B-418E-B09B-46D36B2ABDB1}.Debug|Any CPU.Build.0 = Debug|Any CPU
		{C75532C4-765B-418E-B09B-46D36B2ABDB1}.Debug|Mixed Platforms.ActiveCfg = Debug|x86
		{C75532C4-765B-418E-B09B-46D36B2ABDB1}.Debug|Mixed Platforms.Build.0 = Debug|x86
		{C75532C4-765B-418E-B09B-46D36B2ABDB1}.Debug|x86.ActiveCfg = Debug|x86
		{C75532C4-765B-418E-B09B-46D36B2ABDB1}.Debug|x86.Build.0 = Debug|x86
		{C75532C4-765B-418E-B09B-46D36B2ABDB1}.Release|Any CPU.ActiveCfg = Release|Any CPU
		{C75532C4-765B-418E-B09B-46D36B2ABDB1}.Release|Any CPU.Build.0 = Release|Any CPU
		{C75532C4-765B-418E-B09B-46D36B2ABDB1}.Release|Mixed Platforms.ActiveCfg = Release|x86
		{C75532C4-765B-418E-B09B-46D36B2ABDB1}.Release|Mixed Platforms.Build.0 = Release|x86
		{C75532C4-765B-418E-B09B-46D36B2ABDB1}.Release|x86.ActiveCfg = Release|Any CPU
		{80B3303B-EBDF-4510-96D3-BE60A81FA037}.Debug|Any CPU.ActiveCfg = Debug|Any CPU
		{80B3303B-EBDF-4510-96D3-BE60A81FA037}.Debug|Any CPU.Build.0 = Debug|Any CPU
		{80B3303B-EBDF-4510-96D3-BE60A81FA037}.Debug|Mixed Platforms.ActiveCfg = Debug|x86
		{80B3303B-EBDF-4510-96D3-BE60A81FA037}.Debug|Mixed Platforms.Build.0 = Debug|x86
		{80B3303B-EBDF-4510-96D3-BE60A81FA037}.Debug|x86.ActiveCfg = Debug|x86
		{80B3303B-EBDF-4510-96D3-BE60A81FA037}.Debug|x86.Build.0 = Debug|x86
		{80B3303B-EBDF-4510-96D3-BE60A81FA037}.Release|Any CPU.ActiveCfg = Release|Any CPU
		{80B3303B-EBDF-4510-96D3-BE60A81FA037}.Release|Any CPU.Build.0 = Release|Any CPU
		{80B3303B-EBDF-4510-96D3-BE60A81FA037}.Release|Mixed Platforms.ActiveCfg = Release|x86
		{80B3303B-EBDF-4510-96D3-BE60A81FA037}.Release|Mixed Platforms.Build.0 = Release|x86
		{80B3303B-EBDF-4510-96D3-BE60A81FA037}.Release|x86.ActiveCfg = Release|Any CPU
		{A2AA5A80-819B-4589-8A66-B67FCD71D221}.Debug|Any CPU.ActiveCfg = Debug|Any CPU
		{A2AA5A80-819B-4589-8A66-B67FCD71D221}.Debug|Any CPU.Build.0 = Debug|Any CPU
		{A2AA5A80-819B-4589-8A66-B67FCD71D221}.Debug|Mixed Platforms.ActiveCfg = Debug|x86
		{A2AA5A80-819B-4589-8A66-B67FCD71D221}.Debug|Mixed Platforms.Build.0 = Debug|x86
		{A2AA5A80-819B-4589-8A66-B67FCD71D221}.Debug|x86.ActiveCfg = Debug|x86
		{A2AA5A80-819B-4589-8A66-B67FCD71D221}.Debug|x86.Build.0 = Debug|x86
		{A2AA5A80-819B-4589-8A66-B67FCD71D221}.Release|Any CPU.ActiveCfg = Release|Any CPU
		{A2AA5A80-819B-4589-8A66-B67FCD71D221}.Release|Any CPU.Build.0 = Release|Any CPU
		{A2AA5A80-819B-4589-8A66-B67FCD71D221}.Release|Mixed Platforms.ActiveCfg = Release|x86
		{A2AA5A80-819B-4589-8A66-B67FCD71D221}.Release|Mixed Platforms.Build.0 = Release|x86
		{A2AA5A80-819B-4589-8A66-B67FCD71D221}.Release|x86.ActiveCfg = Release|Any CPU
		{21A50126-F808-4145-A76D-DAFAF84E349D}.Debug|Any CPU.ActiveCfg = Debug|Any CPU
		{21A50126-F808-4145-A76D-DAFAF84E349D}.Debug|Any CPU.Build.0 = Debug|Any CPU
		{21A50126-F808-4145-A76D-DAFAF84E349D}.Debug|Mixed Platforms.ActiveCfg = Debug|x86
		{21A50126-F808-4145-A76D-DAFAF84E349D}.Debug|Mixed Platforms.Build.0 = Debug|x86
		{21A50126-F808-4145-A76D-DAFAF84E349D}.Debug|x86.ActiveCfg = Debug|x86
		{21A50126-F808-4145-A76D-DAFAF84E349D}.Debug|x86.Build.0 = Debug|x86
		{21A50126-F808-4145-A76D-DAFAF84E349D}.Release|Any CPU.ActiveCfg = Release|Any CPU
		{21A50126-F808-4145-A76D-DAFAF84E349D}.Release|Any CPU.Build.0 = Release|Any CPU
		{21A50126-F808-4145-A76D-DAFAF84E349D}.Release|Mixed Platforms.ActiveCfg = Release|x86
		{21A50126-F808-4145-A76D-DAFAF84E349D}.Release|Mixed Platforms.Build.0 = Release|x86
		{21A50126-F808-4145-A76D-DAFAF84E349D}.Release|x86.ActiveCfg = Release|Any CPU
		{9EAD439D-A4D7-4BE4-93CE-B07064F00BC1}.Debug|Any CPU.ActiveCfg = Debug|Any CPU
		{9EAD439D-A4D7-4BE4-93CE-B07064F00BC1}.Debug|Any CPU.Build.0 = Debug|Any CPU
		{9EAD439D-A4D7-4BE4-93CE-B07064F00BC1}.Debug|Mixed Platforms.ActiveCfg = Debug|x86
		{9EAD439D-A4D7-4BE4-93CE-B07064F00BC1}.Debug|Mixed Platforms.Build.0 = Debug|x86
		{9EAD439D-A4D7-4BE4-93CE-B07064F00BC1}.Debug|x86.ActiveCfg = Debug|x86
		{9EAD439D-A4D7-4BE4-93CE-B07064F00BC1}.Debug|x86.Build.0 = Debug|x86
		{9EAD439D-A4D7-4BE4-93CE-B07064F00BC1}.Release|Any CPU.ActiveCfg = Release|Any CPU
		{9EAD439D-A4D7-4BE4-93CE-B07064F00BC1}.Release|Any CPU.Build.0 = Release|Any CPU
		{9EAD439D-A4D7-4BE4-93CE-B07064F00BC1}.Release|Mixed Platforms.ActiveCfg = Release|x86
		{9EAD439D-A4D7-4BE4-93CE-B07064F00BC1}.Release|Mixed Platforms.Build.0 = Release|x86
		{9EAD439D-A4D7-4BE4-93CE-B07064F00BC1}.Release|x86.ActiveCfg = Release|Any CPU
		{0AA7B7B3-94CB-437E-960D-ADE633F67EC5}.Debug|Any CPU.ActiveCfg = Debug|Any CPU
		{0AA7B7B3-94CB-437E-960D-ADE633F67EC5}.Debug|Any CPU.Build.0 = Debug|Any CPU
		{0AA7B7B3-94CB-437E-960D-ADE633F67EC5}.Debug|Mixed Platforms.ActiveCfg = Debug|x86
		{0AA7B7B3-94CB-437E-960D-ADE633F67EC5}.Debug|Mixed Platforms.Build.0 = Debug|x86
		{0AA7B7B3-94CB-437E-960D-ADE633F67EC5}.Debug|x86.ActiveCfg = Debug|x86
		{0AA7B7B3-94CB-437E-960D-ADE633F67EC5}.Debug|x86.Build.0 = Debug|x86
		{0AA7B7B3-94CB-437E-960D-ADE633F67EC5}.Release|Any CPU.ActiveCfg = Release|Any CPU
		{0AA7B7B3-94CB-437E-960D-ADE633F67EC5}.Release|Any CPU.Build.0 = Release|Any CPU
		{0AA7B7B3-94CB-437E-960D-ADE633F67EC5}.Release|Mixed Platforms.ActiveCfg = Release|x86
		{0AA7B7B3-94CB-437E-960D-ADE633F67EC5}.Release|Mixed Platforms.Build.0 = Release|x86
		{0AA7B7B3-94CB-437E-960D-ADE633F67EC5}.Release|x86.ActiveCfg = Release|Any CPU
		{37407EB2-9E58-4AC0-B619-B245D07629FF}.Debug|Any CPU.ActiveCfg = Debug|Any CPU
		{37407EB2-9E58-4AC0-B619-B245D07629FF}.Debug|Any CPU.Build.0 = Debug|Any CPU
		{37407EB2-9E58-4AC0-B619-B245D07629FF}.Debug|Mixed Platforms.ActiveCfg = Debug|x86
		{37407EB2-9E58-4AC0-B619-B245D07629FF}.Debug|Mixed Platforms.Build.0 = Debug|x86
		{37407EB2-9E58-4AC0-B619-B245D07629FF}.Debug|x86.ActiveCfg = Debug|x86
		{37407EB2-9E58-4AC0-B619-B245D07629FF}.Debug|x86.Build.0 = Debug|x86
		{37407EB2-9E58-4AC0-B619-B245D07629FF}.Release|Any CPU.ActiveCfg = Release|Any CPU
		{37407EB2-9E58-4AC0-B619-B245D07629FF}.Release|Any CPU.Build.0 = Release|Any CPU
		{37407EB2-9E58-4AC0-B619-B245D07629FF}.Release|Mixed Platforms.ActiveCfg = Release|x86
		{37407EB2-9E58-4AC0-B619-B245D07629FF}.Release|Mixed Platforms.Build.0 = Release|x86
		{37407EB2-9E58-4AC0-B619-B245D07629FF}.Release|x86.ActiveCfg = Release|Any CPU
		{313BF495-0596-4B71-AF7E-BF974243A657}.Debug|Any CPU.ActiveCfg = Debug|Any CPU
		{313BF495-0596-4B71-AF7E-BF974243A657}.Debug|Any CPU.Build.0 = Debug|Any CPU
		{313BF495-0596-4B71-AF7E-BF974243A657}.Debug|Mixed Platforms.ActiveCfg = Debug|x86
		{313BF495-0596-4B71-AF7E-BF974243A657}.Debug|Mixed Platforms.Build.0 = Debug|x86
		{313BF495-0596-4B71-AF7E-BF974243A657}.Debug|x86.ActiveCfg = Debug|x86
		{313BF495-0596-4B71-AF7E-BF974243A657}.Debug|x86.Build.0 = Debug|x86
		{313BF495-0596-4B71-AF7E-BF974243A657}.Release|Any CPU.ActiveCfg = Release|Any CPU
		{313BF495-0596-4B71-AF7E-BF974243A657}.Release|Any CPU.Build.0 = Release|Any CPU
		{313BF495-0596-4B71-AF7E-BF974243A657}.Release|Mixed Platforms.ActiveCfg = Release|x86
		{313BF495-0596-4B71-AF7E-BF974243A657}.Release|Mixed Platforms.Build.0 = Release|x86
		{313BF495-0596-4B71-AF7E-BF974243A657}.Release|x86.ActiveCfg = Release|Any CPU
		{8029AAEC-8B7C-4098-9C5F-EF2795F21BC5}.Debug|Any CPU.ActiveCfg = Debug|Any CPU
		{8029AAEC-8B7C-4098-9C5F-EF2795F21BC5}.Debug|Any CPU.Build.0 = Debug|Any CPU
		{8029AAEC-8B7C-4098-9C5F-EF2795F21BC5}.Debug|Mixed Platforms.ActiveCfg = Debug|x86
		{8029AAEC-8B7C-4098-9C5F-EF2795F21BC5}.Debug|Mixed Platforms.Build.0 = Debug|x86
		{8029AAEC-8B7C-4098-9C5F-EF2795F21BC5}.Debug|x86.ActiveCfg = Debug|x86
		{8029AAEC-8B7C-4098-9C5F-EF2795F21BC5}.Debug|x86.Build.0 = Debug|x86
		{8029AAEC-8B7C-4098-9C5F-EF2795F21BC5}.Release|Any CPU.ActiveCfg = Release|Any CPU
		{8029AAEC-8B7C-4098-9C5F-EF2795F21BC5}.Release|Any CPU.Build.0 = Release|Any CPU
		{8029AAEC-8B7C-4098-9C5F-EF2795F21BC5}.Release|Mixed Platforms.ActiveCfg = Release|x86
		{8029AAEC-8B7C-4098-9C5F-EF2795F21BC5}.Release|Mixed Platforms.Build.0 = Release|x86
		{8029AAEC-8B7C-4098-9C5F-EF2795F21BC5}.Release|x86.ActiveCfg = Release|Any CPU
		{34ADDF19-CBBA-4A11-BC99-D141BA2D29EC}.Debug|Any CPU.ActiveCfg = Debug|Any CPU
		{34ADDF19-CBBA-4A11-BC99-D141BA2D29EC}.Debug|Any CPU.Build.0 = Debug|Any CPU
		{34ADDF19-CBBA-4A11-BC99-D141BA2D29EC}.Debug|Mixed Platforms.ActiveCfg = Debug|x86
		{34ADDF19-CBBA-4A11-BC99-D141BA2D29EC}.Debug|Mixed Platforms.Build.0 = Debug|x86
		{34ADDF19-CBBA-4A11-BC99-D141BA2D29EC}.Debug|x86.ActiveCfg = Debug|x86
		{34ADDF19-CBBA-4A11-BC99-D141BA2D29EC}.Debug|x86.Build.0 = Debug|x86
		{34ADDF19-CBBA-4A11-BC99-D141BA2D29EC}.Release|Any CPU.ActiveCfg = Release|Any CPU
		{34ADDF19-CBBA-4A11-BC99-D141BA2D29EC}.Release|Any CPU.Build.0 = Release|Any CPU
		{34ADDF19-CBBA-4A11-BC99-D141BA2D29EC}.Release|Mixed Platforms.ActiveCfg = Release|x86
		{34ADDF19-CBBA-4A11-BC99-D141BA2D29EC}.Release|Mixed Platforms.Build.0 = Release|x86
		{34ADDF19-CBBA-4A11-BC99-D141BA2D29EC}.Release|x86.ActiveCfg = Release|Any CPU
		{5851C8B0-54F3-40ED-ADA1-F387877F9DE5}.Debug|Any CPU.ActiveCfg = Debug|Any CPU
		{5851C8B0-54F3-40ED-ADA1-F387877F9DE5}.Debug|Any CPU.Build.0 = Debug|Any CPU
		{5851C8B0-54F3-40ED-ADA1-F387877F9DE5}.Debug|Mixed Platforms.ActiveCfg = Debug|x86
		{5851C8B0-54F3-40ED-ADA1-F387877F9DE5}.Debug|Mixed Platforms.Build.0 = Debug|x86
		{5851C8B0-54F3-40ED-ADA1-F387877F9DE5}.Debug|x86.ActiveCfg = Debug|x86
		{5851C8B0-54F3-40ED-ADA1-F387877F9DE5}.Debug|x86.Build.0 = Debug|x86
		{5851C8B0-54F3-40ED-ADA1-F387877F9DE5}.Release|Any CPU.ActiveCfg = Release|Any CPU
		{5851C8B0-54F3-40ED-ADA1-F387877F9DE5}.Release|Any CPU.Build.0 = Release|Any CPU
		{5851C8B0-54F3-40ED-ADA1-F387877F9DE5}.Release|Mixed Platforms.ActiveCfg = Release|x86
		{5851C8B0-54F3-40ED-ADA1-F387877F9DE5}.Release|Mixed Platforms.Build.0 = Release|x86
		{5851C8B0-54F3-40ED-ADA1-F387877F9DE5}.Release|x86.ActiveCfg = Release|Any CPU
		{870BE3C5-FAB5-4D80-A268-EECE8F1F266F}.Debug|Any CPU.ActiveCfg = Debug|Any CPU
		{870BE3C5-FAB5-4D80-A268-EECE8F1F266F}.Debug|Any CPU.Build.0 = Debug|Any CPU
		{870BE3C5-FAB5-4D80-A268-EECE8F1F266F}.Debug|Mixed Platforms.ActiveCfg = Debug|x86
		{870BE3C5-FAB5-4D80-A268-EECE8F1F266F}.Debug|Mixed Platforms.Build.0 = Debug|x86
		{870BE3C5-FAB5-4D80-A268-EECE8F1F266F}.Debug|x86.ActiveCfg = Debug|x86
		{870BE3C5-FAB5-4D80-A268-EECE8F1F266F}.Debug|x86.Build.0 = Debug|x86
		{870BE3C5-FAB5-4D80-A268-EECE8F1F266F}.Release|Any CPU.ActiveCfg = Release|Any CPU
		{870BE3C5-FAB5-4D80-A268-EECE8F1F266F}.Release|Any CPU.Build.0 = Release|Any CPU
		{870BE3C5-FAB5-4D80-A268-EECE8F1F266F}.Release|Mixed Platforms.ActiveCfg = Release|x86
		{870BE3C5-FAB5-4D80-A268-EECE8F1F266F}.Release|Mixed Platforms.Build.0 = Release|x86
		{870BE3C5-FAB5-4D80-A268-EECE8F1F266F}.Release|x86.ActiveCfg = Release|Any CPU
		{60810048-99ED-4689-9177-FA6F024E581A}.Debug|Any CPU.ActiveCfg = Debug|Any CPU
		{60810048-99ED-4689-9177-FA6F024E581A}.Debug|Any CPU.Build.0 = Debug|Any CPU
		{60810048-99ED-4689-9177-FA6F024E581A}.Debug|Mixed Platforms.ActiveCfg = Debug|x86
		{60810048-99ED-4689-9177-FA6F024E581A}.Debug|Mixed Platforms.Build.0 = Debug|x86
		{60810048-99ED-4689-9177-FA6F024E581A}.Debug|x86.ActiveCfg = Debug|x86
		{60810048-99ED-4689-9177-FA6F024E581A}.Debug|x86.Build.0 = Debug|x86
		{60810048-99ED-4689-9177-FA6F024E581A}.Release|Any CPU.ActiveCfg = Release|Any CPU
		{60810048-99ED-4689-9177-FA6F024E581A}.Release|Any CPU.Build.0 = Release|Any CPU
		{60810048-99ED-4689-9177-FA6F024E581A}.Release|Mixed Platforms.ActiveCfg = Release|x86
		{60810048-99ED-4689-9177-FA6F024E581A}.Release|Mixed Platforms.Build.0 = Release|x86
		{60810048-99ED-4689-9177-FA6F024E581A}.Release|x86.ActiveCfg = Release|Any CPU
		{DB88EE31-FD68-4A3C-863B-C2C895FACC32}.Debug|Any CPU.ActiveCfg = Debug|Any CPU
		{DB88EE31-FD68-4A3C-863B-C2C895FACC32}.Debug|Any CPU.Build.0 = Debug|Any CPU
		{DB88EE31-FD68-4A3C-863B-C2C895FACC32}.Debug|Mixed Platforms.ActiveCfg = Debug|x86
		{DB88EE31-FD68-4A3C-863B-C2C895FACC32}.Debug|Mixed Platforms.Build.0 = Debug|x86
		{DB88EE31-FD68-4A3C-863B-C2C895FACC32}.Debug|x86.ActiveCfg = Debug|x86
		{DB88EE31-FD68-4A3C-863B-C2C895FACC32}.Debug|x86.Build.0 = Debug|x86
		{DB88EE31-FD68-4A3C-863B-C2C895FACC32}.Release|Any CPU.ActiveCfg = Release|Any CPU
		{DB88EE31-FD68-4A3C-863B-C2C895FACC32}.Release|Any CPU.Build.0 = Release|Any CPU
		{DB88EE31-FD68-4A3C-863B-C2C895FACC32}.Release|Mixed Platforms.ActiveCfg = Release|x86
		{DB88EE31-FD68-4A3C-863B-C2C895FACC32}.Release|Mixed Platforms.Build.0 = Release|x86
		{DB88EE31-FD68-4A3C-863B-C2C895FACC32}.Release|x86.ActiveCfg = Release|Any CPU
		{79A4C07A-AD54-41FA-82CC-D86C83EBFE8A}.Debug|Any CPU.ActiveCfg = Debug|Any CPU
		{79A4C07A-AD54-41FA-82CC-D86C83EBFE8A}.Debug|Any CPU.Build.0 = Debug|Any CPU
		{79A4C07A-AD54-41FA-82CC-D86C83EBFE8A}.Debug|Mixed Platforms.ActiveCfg = Debug|x86
		{79A4C07A-AD54-41FA-82CC-D86C83EBFE8A}.Debug|Mixed Platforms.Build.0 = Debug|x86
		{79A4C07A-AD54-41FA-82CC-D86C83EBFE8A}.Debug|x86.ActiveCfg = Debug|x86
		{79A4C07A-AD54-41FA-82CC-D86C83EBFE8A}.Debug|x86.Build.0 = Debug|x86
		{79A4C07A-AD54-41FA-82CC-D86C83EBFE8A}.Release|Any CPU.ActiveCfg = Release|Any CPU
		{79A4C07A-AD54-41FA-82CC-D86C83EBFE8A}.Release|Any CPU.Build.0 = Release|Any CPU
		{79A4C07A-AD54-41FA-82CC-D86C83EBFE8A}.Release|Mixed Platforms.ActiveCfg = Release|x86
		{79A4C07A-AD54-41FA-82CC-D86C83EBFE8A}.Release|Mixed Platforms.Build.0 = Release|x86
		{79A4C07A-AD54-41FA-82CC-D86C83EBFE8A}.Release|x86.ActiveCfg = Release|Any CPU
		{1B7AC56B-E91C-49C3-A13D-0B579BFE364A}.Debug|Any CPU.ActiveCfg = Debug|Any CPU
		{1B7AC56B-E91C-49C3-A13D-0B579BFE364A}.Debug|Any CPU.Build.0 = Debug|Any CPU
		{1B7AC56B-E91C-49C3-A13D-0B579BFE364A}.Debug|Mixed Platforms.ActiveCfg = Debug|x86
		{1B7AC56B-E91C-49C3-A13D-0B579BFE364A}.Debug|Mixed Platforms.Build.0 = Debug|x86
		{1B7AC56B-E91C-49C3-A13D-0B579BFE364A}.Debug|x86.ActiveCfg = Debug|x86
		{1B7AC56B-E91C-49C3-A13D-0B579BFE364A}.Debug|x86.Build.0 = Debug|x86
		{1B7AC56B-E91C-49C3-A13D-0B579BFE364A}.Release|Any CPU.ActiveCfg = Release|Any CPU
		{1B7AC56B-E91C-49C3-A13D-0B579BFE364A}.Release|Any CPU.Build.0 = Release|Any CPU
		{1B7AC56B-E91C-49C3-A13D-0B579BFE364A}.Release|Mixed Platforms.ActiveCfg = Release|x86
		{1B7AC56B-E91C-49C3-A13D-0B579BFE364A}.Release|Mixed Platforms.Build.0 = Release|x86
		{1B7AC56B-E91C-49C3-A13D-0B579BFE364A}.Release|x86.ActiveCfg = Release|Any CPU
		{E1275A2B-6AF8-457B-A843-FA3E6F8AC315}.Debug|Any CPU.ActiveCfg = Debug|Any CPU
		{E1275A2B-6AF8-457B-A843-FA3E6F8AC315}.Debug|Any CPU.Build.0 = Debug|Any CPU
		{E1275A2B-6AF8-457B-A843-FA3E6F8AC315}.Debug|Mixed Platforms.ActiveCfg = Debug|x86
		{E1275A2B-6AF8-457B-A843-FA3E6F8AC315}.Debug|Mixed Platforms.Build.0 = Debug|x86
		{E1275A2B-6AF8-457B-A843-FA3E6F8AC315}.Debug|x86.ActiveCfg = Debug|x86
		{E1275A2B-6AF8-457B-A843-FA3E6F8AC315}.Debug|x86.Build.0 = Debug|x86
		{E1275A2B-6AF8-457B-A843-FA3E6F8AC315}.Release|Any CPU.ActiveCfg = Release|Any CPU
		{E1275A2B-6AF8-457B-A843-FA3E6F8AC315}.Release|Any CPU.Build.0 = Release|Any CPU
		{E1275A2B-6AF8-457B-A843-FA3E6F8AC315}.Release|Mixed Platforms.ActiveCfg = Release|x86
		{E1275A2B-6AF8-457B-A843-FA3E6F8AC315}.Release|Mixed Platforms.Build.0 = Release|x86
		{E1275A2B-6AF8-457B-A843-FA3E6F8AC315}.Release|x86.ActiveCfg = Release|Any CPU
		{F6E60A01-4AAE-45D2-9F0E-2F9F97F67F5E}.Debug|Any CPU.ActiveCfg = Debug|Any CPU
		{F6E60A01-4AAE-45D2-9F0E-2F9F97F67F5E}.Debug|Any CPU.Build.0 = Debug|Any CPU
		{F6E60A01-4AAE-45D2-9F0E-2F9F97F67F5E}.Debug|Mixed Platforms.ActiveCfg = Debug|x86
		{F6E60A01-4AAE-45D2-9F0E-2F9F97F67F5E}.Debug|Mixed Platforms.Build.0 = Debug|x86
		{F6E60A01-4AAE-45D2-9F0E-2F9F97F67F5E}.Debug|x86.ActiveCfg = Debug|x86
		{F6E60A01-4AAE-45D2-9F0E-2F9F97F67F5E}.Debug|x86.Build.0 = Debug|x86
		{F6E60A01-4AAE-45D2-9F0E-2F9F97F67F5E}.Release|Any CPU.ActiveCfg = Release|Any CPU
		{F6E60A01-4AAE-45D2-9F0E-2F9F97F67F5E}.Release|Any CPU.Build.0 = Release|Any CPU
		{F6E60A01-4AAE-45D2-9F0E-2F9F97F67F5E}.Release|Mixed Platforms.ActiveCfg = Release|x86
		{F6E60A01-4AAE-45D2-9F0E-2F9F97F67F5E}.Release|Mixed Platforms.Build.0 = Release|x86
		{F6E60A01-4AAE-45D2-9F0E-2F9F97F67F5E}.Release|x86.ActiveCfg = Release|Any CPU
		{E4C0BE45-2ADF-4CFD-8650-420B74B265D7}.Debug|Any CPU.ActiveCfg = Debug|Any CPU
		{E4C0BE45-2ADF-4CFD-8650-420B74B265D7}.Debug|Any CPU.Build.0 = Debug|Any CPU
		{E4C0BE45-2ADF-4CFD-8650-420B74B265D7}.Debug|Mixed Platforms.ActiveCfg = Debug|x86
		{E4C0BE45-2ADF-4CFD-8650-420B74B265D7}.Debug|Mixed Platforms.Build.0 = Debug|x86
		{E4C0BE45-2ADF-4CFD-8650-420B74B265D7}.Debug|x86.ActiveCfg = Debug|x86
		{E4C0BE45-2ADF-4CFD-8650-420B74B265D7}.Debug|x86.Build.0 = Debug|x86
		{E4C0BE45-2ADF-4CFD-8650-420B74B265D7}.Release|Any CPU.ActiveCfg = Release|Any CPU
		{E4C0BE45-2ADF-4CFD-8650-420B74B265D7}.Release|Any CPU.Build.0 = Release|Any CPU
		{E4C0BE45-2ADF-4CFD-8650-420B74B265D7}.Release|Mixed Platforms.ActiveCfg = Release|x86
		{E4C0BE45-2ADF-4CFD-8650-420B74B265D7}.Release|Mixed Platforms.Build.0 = Release|x86
		{E4C0BE45-2ADF-4CFD-8650-420B74B265D7}.Release|x86.ActiveCfg = Release|Any CPU
		{BC4817E4-9EF1-4F61-80E2-AF320964F14E}.Debug|Any CPU.ActiveCfg = Debug|Any CPU
		{BC4817E4-9EF1-4F61-80E2-AF320964F14E}.Debug|Any CPU.Build.0 = Debug|Any CPU
		{BC4817E4-9EF1-4F61-80E2-AF320964F14E}.Debug|Mixed Platforms.ActiveCfg = Debug|x86
		{BC4817E4-9EF1-4F61-80E2-AF320964F14E}.Debug|Mixed Platforms.Build.0 = Debug|x86
		{BC4817E4-9EF1-4F61-80E2-AF320964F14E}.Debug|x86.ActiveCfg = Debug|x86
		{BC4817E4-9EF1-4F61-80E2-AF320964F14E}.Debug|x86.Build.0 = Debug|x86
		{BC4817E4-9EF1-4F61-80E2-AF320964F14E}.Release|Any CPU.ActiveCfg = Release|Any CPU
		{BC4817E4-9EF1-4F61-80E2-AF320964F14E}.Release|Any CPU.Build.0 = Release|Any CPU
		{BC4817E4-9EF1-4F61-80E2-AF320964F14E}.Release|Mixed Platforms.ActiveCfg = Release|x86
		{BC4817E4-9EF1-4F61-80E2-AF320964F14E}.Release|Mixed Platforms.Build.0 = Release|x86
		{BC4817E4-9EF1-4F61-80E2-AF320964F14E}.Release|x86.ActiveCfg = Release|Any CPU
		{083A8D44-BD23-42E2-B28A-99DA7F39212D}.Debug|Any CPU.ActiveCfg = Debug|Any CPU
		{083A8D44-BD23-42E2-B28A-99DA7F39212D}.Debug|Any CPU.Build.0 = Debug|Any CPU
		{083A8D44-BD23-42E2-B28A-99DA7F39212D}.Debug|Mixed Platforms.ActiveCfg = Debug|x86
		{083A8D44-BD23-42E2-B28A-99DA7F39212D}.Debug|Mixed Platforms.Build.0 = Debug|x86
		{083A8D44-BD23-42E2-B28A-99DA7F39212D}.Debug|x86.ActiveCfg = Debug|x86
		{083A8D44-BD23-42E2-B28A-99DA7F39212D}.Debug|x86.Build.0 = Debug|x86
		{083A8D44-BD23-42E2-B28A-99DA7F39212D}.Release|Any CPU.ActiveCfg = Release|Any CPU
		{083A8D44-BD23-42E2-B28A-99DA7F39212D}.Release|Any CPU.Build.0 = Release|Any CPU
		{083A8D44-BD23-42E2-B28A-99DA7F39212D}.Release|Mixed Platforms.ActiveCfg = Release|x86
		{083A8D44-BD23-42E2-B28A-99DA7F39212D}.Release|Mixed Platforms.Build.0 = Release|x86
		{083A8D44-BD23-42E2-B28A-99DA7F39212D}.Release|x86.ActiveCfg = Release|Any CPU
		{53E028B8-E180-40D1-B774-ABC4F41ADD26}.Debug|Any CPU.ActiveCfg = Debug|Any CPU
		{53E028B8-E180-40D1-B774-ABC4F41ADD26}.Debug|Any CPU.Build.0 = Debug|Any CPU
		{53E028B8-E180-40D1-B774-ABC4F41ADD26}.Debug|Mixed Platforms.ActiveCfg = Debug|x86
		{53E028B8-E180-40D1-B774-ABC4F41ADD26}.Debug|Mixed Platforms.Build.0 = Debug|x86
		{53E028B8-E180-40D1-B774-ABC4F41ADD26}.Debug|x86.ActiveCfg = Debug|x86
		{53E028B8-E180-40D1-B774-ABC4F41ADD26}.Debug|x86.Build.0 = Debug|x86
		{53E028B8-E180-40D1-B774-ABC4F41ADD26}.Release|Any CPU.ActiveCfg = Release|Any CPU
		{53E028B8-E180-40D1-B774-ABC4F41ADD26}.Release|Any CPU.Build.0 = Release|Any CPU
		{53E028B8-E180-40D1-B774-ABC4F41ADD26}.Release|Mixed Platforms.ActiveCfg = Release|x86
		{53E028B8-E180-40D1-B774-ABC4F41ADD26}.Release|Mixed Platforms.Build.0 = Release|x86
		{53E028B8-E180-40D1-B774-ABC4F41ADD26}.Release|x86.ActiveCfg = Release|Any CPU
		{AE6E6BBD-C15E-4C4F-9F92-2141F4683B11}.Debug|Any CPU.ActiveCfg = Debug|Any CPU
		{AE6E6BBD-C15E-4C4F-9F92-2141F4683B11}.Debug|Any CPU.Build.0 = Debug|Any CPU
		{AE6E6BBD-C15E-4C4F-9F92-2141F4683B11}.Debug|Mixed Platforms.ActiveCfg = Debug|x86
		{AE6E6BBD-C15E-4C4F-9F92-2141F4683B11}.Debug|Mixed Platforms.Build.0 = Debug|x86
		{AE6E6BBD-C15E-4C4F-9F92-2141F4683B11}.Debug|x86.ActiveCfg = Debug|x86
		{AE6E6BBD-C15E-4C4F-9F92-2141F4683B11}.Debug|x86.Build.0 = Debug|x86
		{AE6E6BBD-C15E-4C4F-9F92-2141F4683B11}.Release|Any CPU.ActiveCfg = Release|Any CPU
		{AE6E6BBD-C15E-4C4F-9F92-2141F4683B11}.Release|Any CPU.Build.0 = Release|Any CPU
		{AE6E6BBD-C15E-4C4F-9F92-2141F4683B11}.Release|Mixed Platforms.ActiveCfg = Release|x86
		{AE6E6BBD-C15E-4C4F-9F92-2141F4683B11}.Release|Mixed Platforms.Build.0 = Release|x86
		{AE6E6BBD-C15E-4C4F-9F92-2141F4683B11}.Release|x86.ActiveCfg = Release|Any CPU
		{697E7A17-995D-47B2-B5CE-9D611369F92F}.Debug|Any CPU.ActiveCfg = Debug|Any CPU
		{697E7A17-995D-47B2-B5CE-9D611369F92F}.Debug|Any CPU.Build.0 = Debug|Any CPU
		{697E7A17-995D-47B2-B5CE-9D611369F92F}.Debug|Mixed Platforms.ActiveCfg = Debug|x86
		{697E7A17-995D-47B2-B5CE-9D611369F92F}.Debug|Mixed Platforms.Build.0 = Debug|x86
		{697E7A17-995D-47B2-B5CE-9D611369F92F}.Debug|x86.ActiveCfg = Debug|x86
		{697E7A17-995D-47B2-B5CE-9D611369F92F}.Debug|x86.Build.0 = Debug|x86
		{697E7A17-995D-47B2-B5CE-9D611369F92F}.Release|Any CPU.ActiveCfg = Release|Any CPU
		{697E7A17-995D-47B2-B5CE-9D611369F92F}.Release|Any CPU.Build.0 = Release|Any CPU
		{697E7A17-995D-47B2-B5CE-9D611369F92F}.Release|Mixed Platforms.ActiveCfg = Release|x86
		{697E7A17-995D-47B2-B5CE-9D611369F92F}.Release|Mixed Platforms.Build.0 = Release|x86
		{697E7A17-995D-47B2-B5CE-9D611369F92F}.Release|x86.ActiveCfg = Release|x86
		{697E7A17-995D-47B2-B5CE-9D611369F92F}.Release|x86.Build.0 = Release|x86
		{0A9F3022-0767-4FCE-A7A6-35DD88FF6E98}.Debug|Any CPU.ActiveCfg = Debug|Any CPU
		{0A9F3022-0767-4FCE-A7A6-35DD88FF6E98}.Debug|Any CPU.Build.0 = Debug|Any CPU
		{0A9F3022-0767-4FCE-A7A6-35DD88FF6E98}.Debug|Mixed Platforms.ActiveCfg = Debug|x86
		{0A9F3022-0767-4FCE-A7A6-35DD88FF6E98}.Debug|Mixed Platforms.Build.0 = Debug|x86
		{0A9F3022-0767-4FCE-A7A6-35DD88FF6E98}.Debug|x86.ActiveCfg = Debug|x86
		{0A9F3022-0767-4FCE-A7A6-35DD88FF6E98}.Debug|x86.Build.0 = Debug|x86
		{0A9F3022-0767-4FCE-A7A6-35DD88FF6E98}.Release|Any CPU.ActiveCfg = Release|Any CPU
		{0A9F3022-0767-4FCE-A7A6-35DD88FF6E98}.Release|Any CPU.Build.0 = Release|Any CPU
		{0A9F3022-0767-4FCE-A7A6-35DD88FF6E98}.Release|Mixed Platforms.ActiveCfg = Release|x86
		{0A9F3022-0767-4FCE-A7A6-35DD88FF6E98}.Release|Mixed Platforms.Build.0 = Release|x86
		{0A9F3022-0767-4FCE-A7A6-35DD88FF6E98}.Release|x86.ActiveCfg = Release|x86
		{0A9F3022-0767-4FCE-A7A6-35DD88FF6E98}.Release|x86.Build.0 = Release|x86
		{E95AC1AE-9DCA-4B5F-AAE6-F0BCFCEA3BB8}.Debug|Any CPU.ActiveCfg = Debug|Any CPU
		{E95AC1AE-9DCA-4B5F-AAE6-F0BCFCEA3BB8}.Debug|Any CPU.Build.0 = Debug|Any CPU
		{E95AC1AE-9DCA-4B5F-AAE6-F0BCFCEA3BB8}.Debug|Mixed Platforms.ActiveCfg = Debug|x86
		{E95AC1AE-9DCA-4B5F-AAE6-F0BCFCEA3BB8}.Debug|Mixed Platforms.Build.0 = Debug|x86
		{E95AC1AE-9DCA-4B5F-AAE6-F0BCFCEA3BB8}.Debug|x86.ActiveCfg = Debug|x86
		{E95AC1AE-9DCA-4B5F-AAE6-F0BCFCEA3BB8}.Debug|x86.Build.0 = Debug|x86
		{E95AC1AE-9DCA-4B5F-AAE6-F0BCFCEA3BB8}.Release|Any CPU.ActiveCfg = Release|Any CPU
		{E95AC1AE-9DCA-4B5F-AAE6-F0BCFCEA3BB8}.Release|Any CPU.Build.0 = Release|Any CPU
		{E95AC1AE-9DCA-4B5F-AAE6-F0BCFCEA3BB8}.Release|Mixed Platforms.ActiveCfg = Release|x86
		{E95AC1AE-9DCA-4B5F-AAE6-F0BCFCEA3BB8}.Release|Mixed Platforms.Build.0 = Release|x86
		{E95AC1AE-9DCA-4B5F-AAE6-F0BCFCEA3BB8}.Release|x86.ActiveCfg = Release|x86
		{E95AC1AE-9DCA-4B5F-AAE6-F0BCFCEA3BB8}.Release|x86.Build.0 = Release|x86
		{58C9C832-3929-47E6-96DF-4ABF96FC0FDA}.Debug|Any CPU.ActiveCfg = Debug|Any CPU
		{58C9C832-3929-47E6-96DF-4ABF96FC0FDA}.Debug|Any CPU.Build.0 = Debug|Any CPU
		{58C9C832-3929-47E6-96DF-4ABF96FC0FDA}.Debug|Mixed Platforms.ActiveCfg = Debug|x86
		{58C9C832-3929-47E6-96DF-4ABF96FC0FDA}.Debug|Mixed Platforms.Build.0 = Debug|x86
		{58C9C832-3929-47E6-96DF-4ABF96FC0FDA}.Debug|x86.ActiveCfg = Debug|x86
		{58C9C832-3929-47E6-96DF-4ABF96FC0FDA}.Debug|x86.Build.0 = Debug|x86
		{58C9C832-3929-47E6-96DF-4ABF96FC0FDA}.Release|Any CPU.ActiveCfg = Release|Any CPU
		{58C9C832-3929-47E6-96DF-4ABF96FC0FDA}.Release|Any CPU.Build.0 = Release|Any CPU
		{58C9C832-3929-47E6-96DF-4ABF96FC0FDA}.Release|Mixed Platforms.ActiveCfg = Release|x86
		{58C9C832-3929-47E6-96DF-4ABF96FC0FDA}.Release|Mixed Platforms.Build.0 = Release|x86
		{58C9C832-3929-47E6-96DF-4ABF96FC0FDA}.Release|x86.ActiveCfg = Release|Any CPU
		{D4436D6B-7BCB-4999-9222-35946FFF30A8}.Debug|Any CPU.ActiveCfg = Debug|Any CPU
		{D4436D6B-7BCB-4999-9222-35946FFF30A8}.Debug|Any CPU.Build.0 = Debug|Any CPU
		{D4436D6B-7BCB-4999-9222-35946FFF30A8}.Debug|Mixed Platforms.ActiveCfg = Debug|x86
		{D4436D6B-7BCB-4999-9222-35946FFF30A8}.Debug|Mixed Platforms.Build.0 = Debug|x86
		{D4436D6B-7BCB-4999-9222-35946FFF30A8}.Debug|x86.ActiveCfg = Debug|x86
		{D4436D6B-7BCB-4999-9222-35946FFF30A8}.Debug|x86.Build.0 = Debug|x86
		{D4436D6B-7BCB-4999-9222-35946FFF30A8}.Release|Any CPU.ActiveCfg = Release|Any CPU
		{D4436D6B-7BCB-4999-9222-35946FFF30A8}.Release|Any CPU.Build.0 = Release|Any CPU
		{D4436D6B-7BCB-4999-9222-35946FFF30A8}.Release|Mixed Platforms.ActiveCfg = Release|x86
		{D4436D6B-7BCB-4999-9222-35946FFF30A8}.Release|Mixed Platforms.Build.0 = Release|x86
		{D4436D6B-7BCB-4999-9222-35946FFF30A8}.Release|x86.ActiveCfg = Release|x86
		{D4436D6B-7BCB-4999-9222-35946FFF30A8}.Release|x86.Build.0 = Release|x86
		{631F8494-84A7-40AF-95F2-91227D9FC2F3}.Debug|Any CPU.ActiveCfg = Debug|Any CPU
		{631F8494-84A7-40AF-95F2-91227D9FC2F3}.Debug|Any CPU.Build.0 = Debug|Any CPU
		{631F8494-84A7-40AF-95F2-91227D9FC2F3}.Debug|Mixed Platforms.ActiveCfg = Debug|x86
		{631F8494-84A7-40AF-95F2-91227D9FC2F3}.Debug|Mixed Platforms.Build.0 = Debug|x86
		{631F8494-84A7-40AF-95F2-91227D9FC2F3}.Debug|x86.ActiveCfg = Debug|x86
		{631F8494-84A7-40AF-95F2-91227D9FC2F3}.Debug|x86.Build.0 = Debug|x86
		{631F8494-84A7-40AF-95F2-91227D9FC2F3}.Release|Any CPU.ActiveCfg = Release|Any CPU
		{631F8494-84A7-40AF-95F2-91227D9FC2F3}.Release|Any CPU.Build.0 = Release|Any CPU
		{631F8494-84A7-40AF-95F2-91227D9FC2F3}.Release|Mixed Platforms.ActiveCfg = Release|x86
		{631F8494-84A7-40AF-95F2-91227D9FC2F3}.Release|Mixed Platforms.Build.0 = Release|x86
		{631F8494-84A7-40AF-95F2-91227D9FC2F3}.Release|x86.ActiveCfg = Release|x86
		{631F8494-84A7-40AF-95F2-91227D9FC2F3}.Release|x86.Build.0 = Release|x86
		{36154957-1D29-41EC-95C7-D547C100414F}.Debug|Any CPU.ActiveCfg = Debug|Any CPU
		{36154957-1D29-41EC-95C7-D547C100414F}.Debug|Any CPU.Build.0 = Debug|Any CPU
		{36154957-1D29-41EC-95C7-D547C100414F}.Debug|Mixed Platforms.ActiveCfg = Debug|x86
		{36154957-1D29-41EC-95C7-D547C100414F}.Debug|Mixed Platforms.Build.0 = Debug|x86
		{36154957-1D29-41EC-95C7-D547C100414F}.Debug|x86.ActiveCfg = Debug|x86
		{36154957-1D29-41EC-95C7-D547C100414F}.Debug|x86.Build.0 = Debug|x86
		{36154957-1D29-41EC-95C7-D547C100414F}.Release|Any CPU.ActiveCfg = Release|Any CPU
		{36154957-1D29-41EC-95C7-D547C100414F}.Release|Any CPU.Build.0 = Release|Any CPU
		{36154957-1D29-41EC-95C7-D547C100414F}.Release|Mixed Platforms.ActiveCfg = Release|x86
		{36154957-1D29-41EC-95C7-D547C100414F}.Release|Mixed Platforms.Build.0 = Release|x86
		{36154957-1D29-41EC-95C7-D547C100414F}.Release|x86.ActiveCfg = Release|x86
		{36154957-1D29-41EC-95C7-D547C100414F}.Release|x86.Build.0 = Release|x86
		{85E39819-1BF5-4C16-9EF5-2BEA1C34FF8A}.Debug|Any CPU.ActiveCfg = Debug|Any CPU
		{85E39819-1BF5-4C16-9EF5-2BEA1C34FF8A}.Debug|Any CPU.Build.0 = Debug|Any CPU
		{85E39819-1BF5-4C16-9EF5-2BEA1C34FF8A}.Debug|Mixed Platforms.ActiveCfg = Debug|x86
		{85E39819-1BF5-4C16-9EF5-2BEA1C34FF8A}.Debug|Mixed Platforms.Build.0 = Debug|x86
		{85E39819-1BF5-4C16-9EF5-2BEA1C34FF8A}.Debug|x86.ActiveCfg = Debug|x86
		{85E39819-1BF5-4C16-9EF5-2BEA1C34FF8A}.Debug|x86.Build.0 = Debug|x86
		{85E39819-1BF5-4C16-9EF5-2BEA1C34FF8A}.Release|Any CPU.ActiveCfg = Release|Any CPU
		{85E39819-1BF5-4C16-9EF5-2BEA1C34FF8A}.Release|Any CPU.Build.0 = Release|Any CPU
		{85E39819-1BF5-4C16-9EF5-2BEA1C34FF8A}.Release|Mixed Platforms.ActiveCfg = Release|x86
		{85E39819-1BF5-4C16-9EF5-2BEA1C34FF8A}.Release|Mixed Platforms.Build.0 = Release|x86
		{85E39819-1BF5-4C16-9EF5-2BEA1C34FF8A}.Release|x86.ActiveCfg = Release|x86
		{85E39819-1BF5-4C16-9EF5-2BEA1C34FF8A}.Release|x86.Build.0 = Release|x86
		{D3FBC6E5-02D2-4540-844A-2C103C1F1E59}.Debug|Any CPU.ActiveCfg = Debug|Any CPU
		{D3FBC6E5-02D2-4540-844A-2C103C1F1E59}.Debug|Any CPU.Build.0 = Debug|Any CPU
		{D3FBC6E5-02D2-4540-844A-2C103C1F1E59}.Debug|Mixed Platforms.ActiveCfg = Debug|x86
		{D3FBC6E5-02D2-4540-844A-2C103C1F1E59}.Debug|Mixed Platforms.Build.0 = Debug|x86
		{D3FBC6E5-02D2-4540-844A-2C103C1F1E59}.Debug|x86.ActiveCfg = Debug|x86
		{D3FBC6E5-02D2-4540-844A-2C103C1F1E59}.Debug|x86.Build.0 = Debug|x86
		{D3FBC6E5-02D2-4540-844A-2C103C1F1E59}.Release|Any CPU.ActiveCfg = Release|Any CPU
		{D3FBC6E5-02D2-4540-844A-2C103C1F1E59}.Release|Any CPU.Build.0 = Release|Any CPU
		{D3FBC6E5-02D2-4540-844A-2C103C1F1E59}.Release|Mixed Platforms.ActiveCfg = Release|x86
		{D3FBC6E5-02D2-4540-844A-2C103C1F1E59}.Release|Mixed Platforms.Build.0 = Release|x86
		{D3FBC6E5-02D2-4540-844A-2C103C1F1E59}.Release|x86.ActiveCfg = Release|Any CPU
		{6168CAEE-A266-44AF-A719-3A6CE61D11F4}.Debug|Any CPU.ActiveCfg = Debug|Any CPU
		{6168CAEE-A266-44AF-A719-3A6CE61D11F4}.Debug|Any CPU.Build.0 = Debug|Any CPU
		{6168CAEE-A266-44AF-A719-3A6CE61D11F4}.Debug|Mixed Platforms.ActiveCfg = Debug|x86
		{6168CAEE-A266-44AF-A719-3A6CE61D11F4}.Debug|Mixed Platforms.Build.0 = Debug|x86
		{6168CAEE-A266-44AF-A719-3A6CE61D11F4}.Debug|x86.ActiveCfg = Debug|x86
		{6168CAEE-A266-44AF-A719-3A6CE61D11F4}.Debug|x86.Build.0 = Debug|x86
		{6168CAEE-A266-44AF-A719-3A6CE61D11F4}.Release|Any CPU.ActiveCfg = Release|Any CPU
		{6168CAEE-A266-44AF-A719-3A6CE61D11F4}.Release|Any CPU.Build.0 = Release|Any CPU
		{6168CAEE-A266-44AF-A719-3A6CE61D11F4}.Release|Mixed Platforms.ActiveCfg = Release|x86
		{6168CAEE-A266-44AF-A719-3A6CE61D11F4}.Release|Mixed Platforms.Build.0 = Release|x86
		{6168CAEE-A266-44AF-A719-3A6CE61D11F4}.Release|x86.ActiveCfg = Release|Any CPU
		{D5FB32CC-4095-4B7F-B98D-352A15ED806A}.Debug|Any CPU.ActiveCfg = Debug|Any CPU
		{D5FB32CC-4095-4B7F-B98D-352A15ED806A}.Debug|Any CPU.Build.0 = Debug|Any CPU
		{D5FB32CC-4095-4B7F-B98D-352A15ED806A}.Debug|Mixed Platforms.ActiveCfg = Debug|x86
		{D5FB32CC-4095-4B7F-B98D-352A15ED806A}.Debug|Mixed Platforms.Build.0 = Debug|x86
		{D5FB32CC-4095-4B7F-B98D-352A15ED806A}.Debug|x86.ActiveCfg = Debug|x86
		{D5FB32CC-4095-4B7F-B98D-352A15ED806A}.Debug|x86.Build.0 = Debug|x86
		{D5FB32CC-4095-4B7F-B98D-352A15ED806A}.Release|Any CPU.ActiveCfg = Release|Any CPU
		{D5FB32CC-4095-4B7F-B98D-352A15ED806A}.Release|Any CPU.Build.0 = Release|Any CPU
		{D5FB32CC-4095-4B7F-B98D-352A15ED806A}.Release|Mixed Platforms.ActiveCfg = Release|x86
		{D5FB32CC-4095-4B7F-B98D-352A15ED806A}.Release|Mixed Platforms.Build.0 = Release|x86
		{D5FB32CC-4095-4B7F-B98D-352A15ED806A}.Release|x86.ActiveCfg = Release|x86
		{D5FB32CC-4095-4B7F-B98D-352A15ED806A}.Release|x86.Build.0 = Release|x86
		{CD16C9DE-CB4D-4F8E-B788-B18F4A0F0737}.Debug|Any CPU.ActiveCfg = Debug|Any CPU
		{CD16C9DE-CB4D-4F8E-B788-B18F4A0F0737}.Debug|Any CPU.Build.0 = Debug|Any CPU
		{CD16C9DE-CB4D-4F8E-B788-B18F4A0F0737}.Debug|Mixed Platforms.ActiveCfg = Debug|x86
		{CD16C9DE-CB4D-4F8E-B788-B18F4A0F0737}.Debug|Mixed Platforms.Build.0 = Debug|x86
		{CD16C9DE-CB4D-4F8E-B788-B18F4A0F0737}.Debug|x86.ActiveCfg = Debug|x86
		{CD16C9DE-CB4D-4F8E-B788-B18F4A0F0737}.Debug|x86.Build.0 = Debug|x86
		{CD16C9DE-CB4D-4F8E-B788-B18F4A0F0737}.Release|Any CPU.ActiveCfg = Release|Any CPU
		{CD16C9DE-CB4D-4F8E-B788-B18F4A0F0737}.Release|Any CPU.Build.0 = Release|Any CPU
		{CD16C9DE-CB4D-4F8E-B788-B18F4A0F0737}.Release|Mixed Platforms.ActiveCfg = Release|x86
		{CD16C9DE-CB4D-4F8E-B788-B18F4A0F0737}.Release|Mixed Platforms.Build.0 = Release|x86
		{CD16C9DE-CB4D-4F8E-B788-B18F4A0F0737}.Release|x86.ActiveCfg = Release|Any CPU
		{F3FECA0B-3AAB-4447-A57B-F60CAD26ECED}.Debug|Any CPU.ActiveCfg = Debug|Any CPU
		{F3FECA0B-3AAB-4447-A57B-F60CAD26ECED}.Debug|Any CPU.Build.0 = Debug|Any CPU
		{F3FECA0B-3AAB-4447-A57B-F60CAD26ECED}.Debug|Mixed Platforms.ActiveCfg = Debug|x86
		{F3FECA0B-3AAB-4447-A57B-F60CAD26ECED}.Debug|Mixed Platforms.Build.0 = Debug|x86
		{F3FECA0B-3AAB-4447-A57B-F60CAD26ECED}.Debug|x86.ActiveCfg = Debug|x86
		{F3FECA0B-3AAB-4447-A57B-F60CAD26ECED}.Debug|x86.Build.0 = Debug|x86
		{F3FECA0B-3AAB-4447-A57B-F60CAD26ECED}.Release|Any CPU.ActiveCfg = Release|Any CPU
		{F3FECA0B-3AAB-4447-A57B-F60CAD26ECED}.Release|Any CPU.Build.0 = Release|Any CPU
		{F3FECA0B-3AAB-4447-A57B-F60CAD26ECED}.Release|Mixed Platforms.ActiveCfg = Release|x86
		{F3FECA0B-3AAB-4447-A57B-F60CAD26ECED}.Release|Mixed Platforms.Build.0 = Release|x86
		{F3FECA0B-3AAB-4447-A57B-F60CAD26ECED}.Release|x86.ActiveCfg = Release|Any CPU
		{CEE5AE56-9311-43C9-8716-84A1DE74006D}.Debug|Any CPU.ActiveCfg = Debug|Any CPU
		{CEE5AE56-9311-43C9-8716-84A1DE74006D}.Debug|Any CPU.Build.0 = Debug|Any CPU
		{CEE5AE56-9311-43C9-8716-84A1DE74006D}.Debug|Mixed Platforms.ActiveCfg = Debug|Any CPU
		{CEE5AE56-9311-43C9-8716-84A1DE74006D}.Debug|Mixed Platforms.Build.0 = Debug|Any CPU
		{CEE5AE56-9311-43C9-8716-84A1DE74006D}.Debug|x86.ActiveCfg = Debug|x86
		{CEE5AE56-9311-43C9-8716-84A1DE74006D}.Debug|x86.Build.0 = Debug|x86
		{CEE5AE56-9311-43C9-8716-84A1DE74006D}.Release|Any CPU.ActiveCfg = Release|Any CPU
		{CEE5AE56-9311-43C9-8716-84A1DE74006D}.Release|Any CPU.Build.0 = Release|Any CPU
		{CEE5AE56-9311-43C9-8716-84A1DE74006D}.Release|Mixed Platforms.ActiveCfg = Release|Any CPU
		{CEE5AE56-9311-43C9-8716-84A1DE74006D}.Release|Mixed Platforms.Build.0 = Release|Any CPU
		{CEE5AE56-9311-43C9-8716-84A1DE74006D}.Release|x86.ActiveCfg = Release|Any CPU
		{1A489E2E-324F-4443-8F0B-FDBCC089B815}.Debug|Any CPU.ActiveCfg = Debug|Any CPU
		{1A489E2E-324F-4443-8F0B-FDBCC089B815}.Debug|Any CPU.Build.0 = Debug|Any CPU
		{1A489E2E-324F-4443-8F0B-FDBCC089B815}.Debug|Mixed Platforms.ActiveCfg = Debug|Any CPU
		{1A489E2E-324F-4443-8F0B-FDBCC089B815}.Debug|Mixed Platforms.Build.0 = Debug|Any CPU
		{1A489E2E-324F-4443-8F0B-FDBCC089B815}.Debug|x86.ActiveCfg = Debug|x86
		{1A489E2E-324F-4443-8F0B-FDBCC089B815}.Debug|x86.Build.0 = Debug|x86
		{1A489E2E-324F-4443-8F0B-FDBCC089B815}.Release|Any CPU.ActiveCfg = Release|Any CPU
		{1A489E2E-324F-4443-8F0B-FDBCC089B815}.Release|Any CPU.Build.0 = Release|Any CPU
		{1A489E2E-324F-4443-8F0B-FDBCC089B815}.Release|Mixed Platforms.ActiveCfg = Release|Any CPU
		{1A489E2E-324F-4443-8F0B-FDBCC089B815}.Release|Mixed Platforms.Build.0 = Release|Any CPU
		{1A489E2E-324F-4443-8F0B-FDBCC089B815}.Release|x86.ActiveCfg = Release|Any CPU
		{25ED2F36-0C5A-41AA-A49E-DB51CA02B8CB}.Debug|Any CPU.ActiveCfg = Debug|Any CPU
		{25ED2F36-0C5A-41AA-A49E-DB51CA02B8CB}.Debug|Mixed Platforms.ActiveCfg = Debug|Any CPU
		{25ED2F36-0C5A-41AA-A49E-DB51CA02B8CB}.Debug|Mixed Platforms.Build.0 = Debug|Any CPU
		{25ED2F36-0C5A-41AA-A49E-DB51CA02B8CB}.Debug|x86.ActiveCfg = Debug|x86
		{25ED2F36-0C5A-41AA-A49E-DB51CA02B8CB}.Debug|x86.Build.0 = Debug|x86
		{25ED2F36-0C5A-41AA-A49E-DB51CA02B8CB}.Release|Any CPU.ActiveCfg = Release|Any CPU
		{25ED2F36-0C5A-41AA-A49E-DB51CA02B8CB}.Release|Mixed Platforms.ActiveCfg = Release|Any CPU
		{25ED2F36-0C5A-41AA-A49E-DB51CA02B8CB}.Release|Mixed Platforms.Build.0 = Release|Any CPU
		{25ED2F36-0C5A-41AA-A49E-DB51CA02B8CB}.Release|x86.ActiveCfg = Release|Any CPU
		{FF84EB8E-96AA-4FA1-AFC9-739C6F820C4A}.Debug|Any CPU.ActiveCfg = Debug|Any CPU
		{FF84EB8E-96AA-4FA1-AFC9-739C6F820C4A}.Debug|Mixed Platforms.ActiveCfg = Debug|Any CPU
		{FF84EB8E-96AA-4FA1-AFC9-739C6F820C4A}.Debug|Mixed Platforms.Build.0 = Debug|Any CPU
		{FF84EB8E-96AA-4FA1-AFC9-739C6F820C4A}.Debug|x86.ActiveCfg = Debug|x86
		{FF84EB8E-96AA-4FA1-AFC9-739C6F820C4A}.Debug|x86.Build.0 = Debug|x86
		{FF84EB8E-96AA-4FA1-AFC9-739C6F820C4A}.Release|Any CPU.ActiveCfg = Release|Any CPU
		{FF84EB8E-96AA-4FA1-AFC9-739C6F820C4A}.Release|Mixed Platforms.ActiveCfg = Release|Any CPU
		{FF84EB8E-96AA-4FA1-AFC9-739C6F820C4A}.Release|Mixed Platforms.Build.0 = Release|Any CPU
		{FF84EB8E-96AA-4FA1-AFC9-739C6F820C4A}.Release|x86.ActiveCfg = Release|Any CPU
		{A16721AF-6CF0-4B63-AB67-3B1FAE899588}.Debug|Any CPU.ActiveCfg = Debug|Any CPU
		{A16721AF-6CF0-4B63-AB67-3B1FAE899588}.Debug|Any CPU.Build.0 = Debug|Any CPU
		{A16721AF-6CF0-4B63-AB67-3B1FAE899588}.Debug|Mixed Platforms.ActiveCfg = Debug|Any CPU
		{A16721AF-6CF0-4B63-AB67-3B1FAE899588}.Debug|Mixed Platforms.Build.0 = Debug|Any CPU
		{A16721AF-6CF0-4B63-AB67-3B1FAE899588}.Debug|x86.ActiveCfg = Debug|x86
		{A16721AF-6CF0-4B63-AB67-3B1FAE899588}.Debug|x86.Build.0 = Debug|x86
		{A16721AF-6CF0-4B63-AB67-3B1FAE899588}.Release|Any CPU.ActiveCfg = Release|Any CPU
		{A16721AF-6CF0-4B63-AB67-3B1FAE899588}.Release|Any CPU.Build.0 = Release|Any CPU
		{A16721AF-6CF0-4B63-AB67-3B1FAE899588}.Release|Mixed Platforms.ActiveCfg = Release|Any CPU
		{A16721AF-6CF0-4B63-AB67-3B1FAE899588}.Release|Mixed Platforms.Build.0 = Release|Any CPU
		{A16721AF-6CF0-4B63-AB67-3B1FAE899588}.Release|x86.ActiveCfg = Release|Any CPU
		{23D3ED08-4463-406E-B530-FF67BDBFAA93}.Debug|Any CPU.ActiveCfg = Debug|x86
		{23D3ED08-4463-406E-B530-FF67BDBFAA93}.Debug|Any CPU.Build.0 = Debug|x86
		{23D3ED08-4463-406E-B530-FF67BDBFAA93}.Debug|Mixed Platforms.ActiveCfg = Debug|x86
		{23D3ED08-4463-406E-B530-FF67BDBFAA93}.Debug|Mixed Platforms.Build.0 = Debug|x86
		{23D3ED08-4463-406E-B530-FF67BDBFAA93}.Debug|x86.ActiveCfg = Debug|x86
		{23D3ED08-4463-406E-B530-FF67BDBFAA93}.Debug|x86.Build.0 = Debug|x86
		{23D3ED08-4463-406E-B530-FF67BDBFAA93}.Release|Any CPU.ActiveCfg = Release|x86
		{23D3ED08-4463-406E-B530-FF67BDBFAA93}.Release|Mixed Platforms.ActiveCfg = Release|x86
		{23D3ED08-4463-406E-B530-FF67BDBFAA93}.Release|Mixed Platforms.Build.0 = Release|x86
		{23D3ED08-4463-406E-B530-FF67BDBFAA93}.Release|x86.ActiveCfg = Release|x86
		{23D3ED08-4463-406E-B530-FF67BDBFAA93}.Release|x86.Build.0 = Release|x86
		{6BD8F513-93FE-4998-B0EA-8A3976F469F8}.Debug|Any CPU.ActiveCfg = Debug|Any CPU
		{6BD8F513-93FE-4998-B0EA-8A3976F469F8}.Debug|Any CPU.Build.0 = Debug|Any CPU
		{6BD8F513-93FE-4998-B0EA-8A3976F469F8}.Debug|Mixed Platforms.ActiveCfg = Debug|Any CPU
		{6BD8F513-93FE-4998-B0EA-8A3976F469F8}.Debug|Mixed Platforms.Build.0 = Debug|Any CPU
		{6BD8F513-93FE-4998-B0EA-8A3976F469F8}.Debug|x86.ActiveCfg = Debug|x86
		{6BD8F513-93FE-4998-B0EA-8A3976F469F8}.Debug|x86.Build.0 = Debug|x86
		{6BD8F513-93FE-4998-B0EA-8A3976F469F8}.Release|Any CPU.ActiveCfg = Release|Any CPU
		{6BD8F513-93FE-4998-B0EA-8A3976F469F8}.Release|Any CPU.Build.0 = Release|Any CPU
		{6BD8F513-93FE-4998-B0EA-8A3976F469F8}.Release|Mixed Platforms.ActiveCfg = Release|Any CPU
		{6BD8F513-93FE-4998-B0EA-8A3976F469F8}.Release|Mixed Platforms.Build.0 = Release|Any CPU
		{6BD8F513-93FE-4998-B0EA-8A3976F469F8}.Release|x86.ActiveCfg = Release|x86
		{6BD8F513-93FE-4998-B0EA-8A3976F469F8}.Release|x86.Build.0 = Release|x86
		{B818D981-34EE-4BCD-B4ED-923B009459D2}.Debug|Any CPU.ActiveCfg = Debug|Any CPU
		{B818D981-34EE-4BCD-B4ED-923B009459D2}.Debug|Any CPU.Build.0 = Debug|Any CPU
		{B818D981-34EE-4BCD-B4ED-923B009459D2}.Debug|Mixed Platforms.ActiveCfg = Debug|Any CPU
		{B818D981-34EE-4BCD-B4ED-923B009459D2}.Debug|Mixed Platforms.Build.0 = Debug|Any CPU
		{B818D981-34EE-4BCD-B4ED-923B009459D2}.Debug|x86.ActiveCfg = Debug|x86
		{B818D981-34EE-4BCD-B4ED-923B009459D2}.Debug|x86.Build.0 = Debug|x86
		{B818D981-34EE-4BCD-B4ED-923B009459D2}.Release|Any CPU.ActiveCfg = Release|Any CPU
		{B818D981-34EE-4BCD-B4ED-923B009459D2}.Release|Any CPU.Build.0 = Release|Any CPU
		{B818D981-34EE-4BCD-B4ED-923B009459D2}.Release|Mixed Platforms.ActiveCfg = Release|Any CPU
		{B818D981-34EE-4BCD-B4ED-923B009459D2}.Release|Mixed Platforms.Build.0 = Release|Any CPU
		{B818D981-34EE-4BCD-B4ED-923B009459D2}.Release|x86.ActiveCfg = Release|x86
		{B818D981-34EE-4BCD-B4ED-923B009459D2}.Release|x86.Build.0 = Release|x86
		{9330DFD3-7ABF-407A-B8DC-91A324EA6636}.Debug|Any CPU.ActiveCfg = Debug|Any CPU
		{9330DFD3-7ABF-407A-B8DC-91A324EA6636}.Debug|Any CPU.Build.0 = Debug|Any CPU
		{9330DFD3-7ABF-407A-B8DC-91A324EA6636}.Debug|Mixed Platforms.ActiveCfg = Debug|Any CPU
		{9330DFD3-7ABF-407A-B8DC-91A324EA6636}.Debug|Mixed Platforms.Build.0 = Debug|Any CPU
		{9330DFD3-7ABF-407A-B8DC-91A324EA6636}.Debug|x86.ActiveCfg = Debug|x86
		{9330DFD3-7ABF-407A-B8DC-91A324EA6636}.Debug|x86.Build.0 = Debug|x86
		{9330DFD3-7ABF-407A-B8DC-91A324EA6636}.Release|Any CPU.ActiveCfg = Release|Any CPU
		{9330DFD3-7ABF-407A-B8DC-91A324EA6636}.Release|Any CPU.Build.0 = Release|Any CPU
		{9330DFD3-7ABF-407A-B8DC-91A324EA6636}.Release|Mixed Platforms.ActiveCfg = Release|Any CPU
		{9330DFD3-7ABF-407A-B8DC-91A324EA6636}.Release|Mixed Platforms.Build.0 = Release|Any CPU
		{9330DFD3-7ABF-407A-B8DC-91A324EA6636}.Release|x86.ActiveCfg = Release|x86
		{9330DFD3-7ABF-407A-B8DC-91A324EA6636}.Release|x86.Build.0 = Release|x86
		{5554EA13-A42F-403E-822E-1C88B002D690}.Debug|Any CPU.ActiveCfg = Debug|Any CPU
		{5554EA13-A42F-403E-822E-1C88B002D690}.Debug|Any CPU.Build.0 = Debug|Any CPU
		{5554EA13-A42F-403E-822E-1C88B002D690}.Debug|Mixed Platforms.ActiveCfg = Debug|x86
		{5554EA13-A42F-403E-822E-1C88B002D690}.Debug|Mixed Platforms.Build.0 = Debug|x86
		{5554EA13-A42F-403E-822E-1C88B002D690}.Debug|x86.ActiveCfg = Debug|x86
		{5554EA13-A42F-403E-822E-1C88B002D690}.Debug|x86.Build.0 = Debug|x86
		{5554EA13-A42F-403E-822E-1C88B002D690}.Release|Any CPU.ActiveCfg = Release|Any CPU
		{5554EA13-A42F-403E-822E-1C88B002D690}.Release|Any CPU.Build.0 = Release|Any CPU
		{5554EA13-A42F-403E-822E-1C88B002D690}.Release|Mixed Platforms.ActiveCfg = Release|x86
		{5554EA13-A42F-403E-822E-1C88B002D690}.Release|Mixed Platforms.Build.0 = Release|x86
		{5554EA13-A42F-403E-822E-1C88B002D690}.Release|x86.ActiveCfg = Release|x86
		{5554EA13-A42F-403E-822E-1C88B002D690}.Release|x86.Build.0 = Release|x86
		{D8B79B8E-E637-4DBE-BA18-CF14B061FD4A}.Debug|Any CPU.ActiveCfg = Debug|Any CPU
		{D8B79B8E-E637-4DBE-BA18-CF14B061FD4A}.Debug|Any CPU.Build.0 = Debug|Any CPU
		{D8B79B8E-E637-4DBE-BA18-CF14B061FD4A}.Debug|Mixed Platforms.ActiveCfg = Debug|Any CPU
		{D8B79B8E-E637-4DBE-BA18-CF14B061FD4A}.Debug|Mixed Platforms.Build.0 = Debug|Any CPU
		{D8B79B8E-E637-4DBE-BA18-CF14B061FD4A}.Debug|x86.ActiveCfg = Debug|x86
		{D8B79B8E-E637-4DBE-BA18-CF14B061FD4A}.Debug|x86.Build.0 = Debug|x86
		{D8B79B8E-E637-4DBE-BA18-CF14B061FD4A}.Release|Any CPU.ActiveCfg = Release|Any CPU
		{D8B79B8E-E637-4DBE-BA18-CF14B061FD4A}.Release|Any CPU.Build.0 = Release|Any CPU
		{D8B79B8E-E637-4DBE-BA18-CF14B061FD4A}.Release|Mixed Platforms.ActiveCfg = Release|Any CPU
		{D8B79B8E-E637-4DBE-BA18-CF14B061FD4A}.Release|Mixed Platforms.Build.0 = Release|Any CPU
		{D8B79B8E-E637-4DBE-BA18-CF14B061FD4A}.Release|x86.ActiveCfg = Release|Any CPU
		{633B1F7F-D84E-47EF-B41D-0FBAABCC5975}.Debug|Any CPU.ActiveCfg = Debug|Any CPU
		{633B1F7F-D84E-47EF-B41D-0FBAABCC5975}.Debug|Any CPU.Build.0 = Debug|Any CPU
		{633B1F7F-D84E-47EF-B41D-0FBAABCC5975}.Debug|Mixed Platforms.ActiveCfg = Debug|Any CPU
		{633B1F7F-D84E-47EF-B41D-0FBAABCC5975}.Debug|Mixed Platforms.Build.0 = Debug|Any CPU
		{633B1F7F-D84E-47EF-B41D-0FBAABCC5975}.Debug|x86.ActiveCfg = Debug|x86
		{633B1F7F-D84E-47EF-B41D-0FBAABCC5975}.Debug|x86.Build.0 = Debug|x86
		{633B1F7F-D84E-47EF-B41D-0FBAABCC5975}.Release|Any CPU.ActiveCfg = Release|Any CPU
		{633B1F7F-D84E-47EF-B41D-0FBAABCC5975}.Release|Any CPU.Build.0 = Release|Any CPU
		{633B1F7F-D84E-47EF-B41D-0FBAABCC5975}.Release|Mixed Platforms.ActiveCfg = Release|Any CPU
		{633B1F7F-D84E-47EF-B41D-0FBAABCC5975}.Release|Mixed Platforms.Build.0 = Release|Any CPU
		{633B1F7F-D84E-47EF-B41D-0FBAABCC5975}.Release|x86.ActiveCfg = Release|Any CPU
		{CC858473-3593-49E5-8D78-D867FE8C90B0}.Debug|Any CPU.ActiveCfg = Debug|Any CPU
		{CC858473-3593-49E5-8D78-D867FE8C90B0}.Debug|Any CPU.Build.0 = Debug|Any CPU
		{CC858473-3593-49E5-8D78-D867FE8C90B0}.Debug|Mixed Platforms.ActiveCfg = Debug|Any CPU
		{CC858473-3593-49E5-8D78-D867FE8C90B0}.Debug|Mixed Platforms.Build.0 = Debug|Any CPU
		{CC858473-3593-49E5-8D78-D867FE8C90B0}.Debug|x86.ActiveCfg = Debug|x86
		{CC858473-3593-49E5-8D78-D867FE8C90B0}.Debug|x86.Build.0 = Debug|x86
		{CC858473-3593-49E5-8D78-D867FE8C90B0}.Release|Any CPU.ActiveCfg = Release|Any CPU
		{CC858473-3593-49E5-8D78-D867FE8C90B0}.Release|Any CPU.Build.0 = Release|Any CPU
		{CC858473-3593-49E5-8D78-D867FE8C90B0}.Release|Mixed Platforms.ActiveCfg = Release|Any CPU
		{CC858473-3593-49E5-8D78-D867FE8C90B0}.Release|Mixed Platforms.Build.0 = Release|Any CPU
		{CC858473-3593-49E5-8D78-D867FE8C90B0}.Release|x86.ActiveCfg = Release|Any CPU
		{F6D1EE0C-1E33-4CC9-91F2-1A885E03FD1D}.Debug|Any CPU.ActiveCfg = Debug|Any CPU
		{F6D1EE0C-1E33-4CC9-91F2-1A885E03FD1D}.Debug|Any CPU.Build.0 = Debug|Any CPU
		{F6D1EE0C-1E33-4CC9-91F2-1A885E03FD1D}.Debug|Mixed Platforms.ActiveCfg = Debug|Any CPU
		{F6D1EE0C-1E33-4CC9-91F2-1A885E03FD1D}.Debug|Mixed Platforms.Build.0 = Debug|Any CPU
		{F6D1EE0C-1E33-4CC9-91F2-1A885E03FD1D}.Debug|x86.ActiveCfg = Debug|x86
		{F6D1EE0C-1E33-4CC9-91F2-1A885E03FD1D}.Debug|x86.Build.0 = Debug|x86
		{F6D1EE0C-1E33-4CC9-91F2-1A885E03FD1D}.Release|Any CPU.ActiveCfg = Release|Any CPU
		{F6D1EE0C-1E33-4CC9-91F2-1A885E03FD1D}.Release|Any CPU.Build.0 = Release|Any CPU
		{F6D1EE0C-1E33-4CC9-91F2-1A885E03FD1D}.Release|Mixed Platforms.ActiveCfg = Release|Any CPU
		{F6D1EE0C-1E33-4CC9-91F2-1A885E03FD1D}.Release|Mixed Platforms.Build.0 = Release|Any CPU
		{F6D1EE0C-1E33-4CC9-91F2-1A885E03FD1D}.Release|x86.ActiveCfg = Release|Any CPU
		{FAB1F455-2F46-4142-9834-A4B2640E6A45}.Debug|Any CPU.ActiveCfg = Debug|Any CPU
		{FAB1F455-2F46-4142-9834-A4B2640E6A45}.Debug|Any CPU.Build.0 = Debug|Any CPU
		{FAB1F455-2F46-4142-9834-A4B2640E6A45}.Debug|Mixed Platforms.ActiveCfg = Debug|Any CPU
		{FAB1F455-2F46-4142-9834-A4B2640E6A45}.Debug|Mixed Platforms.Build.0 = Debug|Any CPU
		{FAB1F455-2F46-4142-9834-A4B2640E6A45}.Debug|x86.ActiveCfg = Debug|x86
		{FAB1F455-2F46-4142-9834-A4B2640E6A45}.Debug|x86.Build.0 = Debug|x86
		{FAB1F455-2F46-4142-9834-A4B2640E6A45}.Release|Any CPU.ActiveCfg = Release|Any CPU
		{FAB1F455-2F46-4142-9834-A4B2640E6A45}.Release|Any CPU.Build.0 = Release|Any CPU
		{FAB1F455-2F46-4142-9834-A4B2640E6A45}.Release|Mixed Platforms.ActiveCfg = Release|Any CPU
		{FAB1F455-2F46-4142-9834-A4B2640E6A45}.Release|Mixed Platforms.Build.0 = Release|Any CPU
		{FAB1F455-2F46-4142-9834-A4B2640E6A45}.Release|x86.ActiveCfg = Release|Any CPU
		{4234581A-424D-49F5-8A86-9738184E0AF6}.Debug|Any CPU.ActiveCfg = Debug|Any CPU
		{4234581A-424D-49F5-8A86-9738184E0AF6}.Debug|Any CPU.Build.0 = Debug|Any CPU
		{4234581A-424D-49F5-8A86-9738184E0AF6}.Debug|Mixed Platforms.ActiveCfg = Debug|Any CPU
		{4234581A-424D-49F5-8A86-9738184E0AF6}.Debug|Mixed Platforms.Build.0 = Debug|Any CPU
		{4234581A-424D-49F5-8A86-9738184E0AF6}.Debug|x86.ActiveCfg = Debug|Any CPU
		{4234581A-424D-49F5-8A86-9738184E0AF6}.Release|Any CPU.ActiveCfg = Release|Any CPU
		{4234581A-424D-49F5-8A86-9738184E0AF6}.Release|Any CPU.Build.0 = Release|Any CPU
		{4234581A-424D-49F5-8A86-9738184E0AF6}.Release|Mixed Platforms.ActiveCfg = Release|Any CPU
		{4234581A-424D-49F5-8A86-9738184E0AF6}.Release|Mixed Platforms.Build.0 = Release|Any CPU
		{4234581A-424D-49F5-8A86-9738184E0AF6}.Release|x86.ActiveCfg = Release|Any CPU
		{8C12FCD8-6EBE-40C6-8EA9-FD41370AC621}.Debug|Any CPU.ActiveCfg = Debug|Any CPU
		{8C12FCD8-6EBE-40C6-8EA9-FD41370AC621}.Debug|Any CPU.Build.0 = Debug|Any CPU
		{8C12FCD8-6EBE-40C6-8EA9-FD41370AC621}.Debug|Mixed Platforms.ActiveCfg = Debug|Any CPU
		{8C12FCD8-6EBE-40C6-8EA9-FD41370AC621}.Debug|Mixed Platforms.Build.0 = Debug|Any CPU
		{8C12FCD8-6EBE-40C6-8EA9-FD41370AC621}.Debug|x86.ActiveCfg = Debug|Any CPU
		{8C12FCD8-6EBE-40C6-8EA9-FD41370AC621}.Release|Any CPU.ActiveCfg = Release|Any CPU
		{8C12FCD8-6EBE-40C6-8EA9-FD41370AC621}.Release|Any CPU.Build.0 = Release|Any CPU
		{8C12FCD8-6EBE-40C6-8EA9-FD41370AC621}.Release|Mixed Platforms.ActiveCfg = Release|Any CPU
		{8C12FCD8-6EBE-40C6-8EA9-FD41370AC621}.Release|Mixed Platforms.Build.0 = Release|Any CPU
		{8C12FCD8-6EBE-40C6-8EA9-FD41370AC621}.Release|x86.ActiveCfg = Release|Any CPU
	EndGlobalSection
	GlobalSection(SolutionProperties) = preSolution
		HideSolutionNode = FALSE
	EndGlobalSection
	GlobalSection(NestedProjects) = preSolution
		{54F3E1C6-E67B-445B-8BEC-D6E5527973CB} = {74C6D340-07CF-4380-AB1F-BA599FC338C3}
		{4DAFE227-3C2B-4FCE-AA8D-99EC7AC11564} = {74C6D340-07CF-4380-AB1F-BA599FC338C3}
		{A16721AF-6CF0-4B63-AB67-3B1FAE899588} = {74C6D340-07CF-4380-AB1F-BA599FC338C3}
		{21A50126-F808-4145-A76D-DAFAF84E349D} = {BCEF894F-84B1-4156-BA84-717D3F9408CF}
		{9EAD439D-A4D7-4BE4-93CE-B07064F00BC1} = {BCEF894F-84B1-4156-BA84-717D3F9408CF}
		{F6E60A01-4AAE-45D2-9F0E-2F9F97F67F5E} = {BCEF894F-84B1-4156-BA84-717D3F9408CF}
		{083A8D44-BD23-42E2-B28A-99DA7F39212D} = {BCEF894F-84B1-4156-BA84-717D3F9408CF}
		{53E028B8-E180-40D1-B774-ABC4F41ADD26} = {BCEF894F-84B1-4156-BA84-717D3F9408CF}
		{FF0F5297-2EC4-4DF8-8E2A-E92B52D60D8A} = {4305ECCC-FC6A-4C8A-9FC1-5CAC1A0D53E3}
		{BB233E00-1795-4173-89B1-889585390793} = {4305ECCC-FC6A-4C8A-9FC1-5CAC1A0D53E3}
		{1B7AC56B-E91C-49C3-A13D-0B579BFE364A} = {4305ECCC-FC6A-4C8A-9FC1-5CAC1A0D53E3}
		{E4C0BE45-2ADF-4CFD-8650-420B74B265D7} = {4305ECCC-FC6A-4C8A-9FC1-5CAC1A0D53E3}
		{E95AC1AE-9DCA-4B5F-AAE6-F0BCFCEA3BB8} = {4305ECCC-FC6A-4C8A-9FC1-5CAC1A0D53E3}
		{58C9C832-3929-47E6-96DF-4ABF96FC0FDA} = {4305ECCC-FC6A-4C8A-9FC1-5CAC1A0D53E3}
		{D4436D6B-7BCB-4999-9222-35946FFF30A8} = {4305ECCC-FC6A-4C8A-9FC1-5CAC1A0D53E3}
		{D3FBC6E5-02D2-4540-844A-2C103C1F1E59} = {4305ECCC-FC6A-4C8A-9FC1-5CAC1A0D53E3}
		{6168CAEE-A266-44AF-A719-3A6CE61D11F4} = {4305ECCC-FC6A-4C8A-9FC1-5CAC1A0D53E3}
		{D5FB32CC-4095-4B7F-B98D-352A15ED806A} = {4305ECCC-FC6A-4C8A-9FC1-5CAC1A0D53E3}
		{CD16C9DE-CB4D-4F8E-B788-B18F4A0F0737} = {4305ECCC-FC6A-4C8A-9FC1-5CAC1A0D53E3}
		{80B3303B-EBDF-4510-96D3-BE60A81FA037} = {6BE534BC-C146-4F46-AC25-7BCB15A6CD7F}
		{0AA7B7B3-94CB-437E-960D-ADE633F67EC5} = {6BE534BC-C146-4F46-AC25-7BCB15A6CD7F}
		{313BF495-0596-4B71-AF7E-BF974243A657} = {6BE534BC-C146-4F46-AC25-7BCB15A6CD7F}
		{8029AAEC-8B7C-4098-9C5F-EF2795F21BC5} = {6BE534BC-C146-4F46-AC25-7BCB15A6CD7F}
		{34ADDF19-CBBA-4A11-BC99-D141BA2D29EC} = {6BE534BC-C146-4F46-AC25-7BCB15A6CD7F}
		{5851C8B0-54F3-40ED-ADA1-F387877F9DE5} = {6BE534BC-C146-4F46-AC25-7BCB15A6CD7F}
		{60810048-99ED-4689-9177-FA6F024E581A} = {6BE534BC-C146-4F46-AC25-7BCB15A6CD7F}
		{E1275A2B-6AF8-457B-A843-FA3E6F8AC315} = {6BE534BC-C146-4F46-AC25-7BCB15A6CD7F}
		{BC4817E4-9EF1-4F61-80E2-AF320964F14E} = {6BE534BC-C146-4F46-AC25-7BCB15A6CD7F}
		{C75532C4-765B-418E-B09B-46D36B2ABDB1} = {F7463129-1CDE-4BCD-B9A8-36967E8AAA95}
		{A2AA5A80-819B-4589-8A66-B67FCD71D221} = {F7463129-1CDE-4BCD-B9A8-36967E8AAA95}
		{37407EB2-9E58-4AC0-B619-B245D07629FF} = {F7463129-1CDE-4BCD-B9A8-36967E8AAA95}
		{23D3ED08-4463-406E-B530-FF67BDBFAA93} = {F7463129-1CDE-4BCD-B9A8-36967E8AAA95}
		{870BE3C5-FAB5-4D80-A268-EECE8F1F266F} = {55D0994B-2FDF-4FBA-AD74-A9195A8D06A9}
		{CEE5AE56-9311-43C9-8716-84A1DE74006D} = {55D0994B-2FDF-4FBA-AD74-A9195A8D06A9}
		{D44375EB-8F0D-4F2E-953D-CB614DA46983} = {583B9E05-BAC0-4CF2-94C5-8F40C3447F65}
		{C58C14CF-5B82-424D-A531-5177EC28787A} = {583B9E05-BAC0-4CF2-94C5-8F40C3447F65}
		{17C4D4FD-704E-46FB-B6DF-FFDA1B3EF973} = {583B9E05-BAC0-4CF2-94C5-8F40C3447F65}
		{171F3127-355E-42C3-86BD-9FFAB6DE1C18} = {C155302A-21C5-407C-BD4D-FD6696539721}
		{DB88EE31-FD68-4A3C-863B-C2C895FACC32} = {C155302A-21C5-407C-BD4D-FD6696539721}
		{79A4C07A-AD54-41FA-82CC-D86C83EBFE8A} = {C155302A-21C5-407C-BD4D-FD6696539721}
		{AE6E6BBD-C15E-4C4F-9F92-2141F4683B11} = {C155302A-21C5-407C-BD4D-FD6696539721}
		{697E7A17-995D-47B2-B5CE-9D611369F92F} = {C155302A-21C5-407C-BD4D-FD6696539721}
		{0A9F3022-0767-4FCE-A7A6-35DD88FF6E98} = {C155302A-21C5-407C-BD4D-FD6696539721}
		{631F8494-84A7-40AF-95F2-91227D9FC2F3} = {B91F1A0A-7F9E-4141-9BAA-A21BB4112D8B}
		{36154957-1D29-41EC-95C7-D547C100414F} = {B91F1A0A-7F9E-4141-9BAA-A21BB4112D8B}
		{85E39819-1BF5-4C16-9EF5-2BEA1C34FF8A} = {B91F1A0A-7F9E-4141-9BAA-A21BB4112D8B}
		{1A489E2E-324F-4443-8F0B-FDBCC089B815} = {86EFB1DA-4F9E-44C8-8D6E-26474614099B}
		{F3FECA0B-3AAB-4447-A57B-F60CAD26ECED} = {FB1E4903-74F5-4F06-8D73-2829F801DE85}
		{D8B79B8E-E637-4DBE-BA18-CF14B061FD4A} = {054F457C-E64A-423A-ACFE-80D67A9DF345}
		{25ED2F36-0C5A-41AA-A49E-DB51CA02B8CB} = {EF5F87C5-F552-400E-B411-9362E8080196}
		{FF84EB8E-96AA-4FA1-AFC9-739C6F820C4A} = {EF5F87C5-F552-400E-B411-9362E8080196}
		{633B1F7F-D84E-47EF-B41D-0FBAABCC5975} = {EF5F87C5-F552-400E-B411-9362E8080196}
		{CC858473-3593-49E5-8D78-D867FE8C90B0} = {EF5F87C5-F552-400E-B411-9362E8080196}
		{6BD8F513-93FE-4998-B0EA-8A3976F469F8} = {80B407AA-F82F-4A71-B8B1-05CA732A69FB}
		{B818D981-34EE-4BCD-B4ED-923B009459D2} = {80B407AA-F82F-4A71-B8B1-05CA732A69FB}
		{9330DFD3-7ABF-407A-B8DC-91A324EA6636} = {80B407AA-F82F-4A71-B8B1-05CA732A69FB}
		{5554EA13-A42F-403E-822E-1C88B002D690} = {80B407AA-F82F-4A71-B8B1-05CA732A69FB}
		{4234581A-424D-49F5-8A86-9738184E0AF6} = {80B407AA-F82F-4A71-B8B1-05CA732A69FB}
		{F6D1EE0C-1E33-4CC9-91F2-1A885E03FD1D} = {8D1FE217-3B33-4F23-8F4B-2C63D1B3EE81}
		{FAB1F455-2F46-4142-9834-A4B2640E6A45} = {8D1FE217-3B33-4F23-8F4B-2C63D1B3EE81}
		{8C12FCD8-6EBE-40C6-8EA9-FD41370AC621} = {8D1FE217-3B33-4F23-8F4B-2C63D1B3EE81}
	EndGlobalSection
	GlobalSection(ExtensibilityGlobals) = postSolution
		VisualSVNWorkingCopyRoot = .
	EndGlobalSection
EndGlobal
